// !$*UTF8*$!
{
	archiveVersion = 1;
	classes = {
	};
	objectVersion = 46;
	objects = {

/* Begin PBXBuildFile section */
		092317E81E5CF0A70043838D /* GOTHMBOK.TTF in Resources */ = {isa = PBXBuildFile; fileRef = 092317D21E5CF0A60043838D /* GOTHMBOK.TTF */; };
		092317E91E5CF0A70043838D /* GOTHMZIT.TTF in Resources */ = {isa = PBXBuildFile; fileRef = 092317D31E5CF0A60043838D /* GOTHMZIT.TTF */; };
		092317EA1E5CF0A70043838D /* GOTHMLIG.TTF in Resources */ = {isa = PBXBuildFile; fileRef = 092317D51E5CF0A60043838D /* GOTHMLIG.TTF */; };
		092317EB1E5CF0A70043838D /* GOTHMLIT.TTF in Resources */ = {isa = PBXBuildFile; fileRef = 092317D61E5CF0A60043838D /* GOTHMLIT.TTF */; };
		092317EC1E5CF0A70043838D /* GOTHMMED.TTF in Resources */ = {isa = PBXBuildFile; fileRef = 092317D81E5CF0A60043838D /* GOTHMMED.TTF */; };
		092317ED1E5CF0A70043838D /* GOTHMMIT.TTF in Resources */ = {isa = PBXBuildFile; fileRef = 092317D91E5CF0A60043838D /* GOTHMMIT.TTF */; };
		092317EE1E5CF0A70043838D /* GothamRnd-Bold.otf in Resources */ = {isa = PBXBuildFile; fileRef = 092317DB1E5CF0A60043838D /* GothamRnd-Bold.otf */; };
		092317EF1E5CF0A70043838D /* GothamRnd-BoldIta.otf in Resources */ = {isa = PBXBuildFile; fileRef = 092317DC1E5CF0A70043838D /* GothamRnd-BoldIta.otf */; };
		092317F01E5CF0A70043838D /* GothamRnd-Book.otf in Resources */ = {isa = PBXBuildFile; fileRef = 092317DD1E5CF0A70043838D /* GothamRnd-Book.otf */; };
		092317F11E5CF0A70043838D /* GothamRnd-BookIta.otf in Resources */ = {isa = PBXBuildFile; fileRef = 092317DE1E5CF0A70043838D /* GothamRnd-BookIta.otf */; };
		092317F21E5CF0A70043838D /* GothamRnd-Light.otf in Resources */ = {isa = PBXBuildFile; fileRef = 092317DF1E5CF0A70043838D /* GothamRnd-Light.otf */; };
		092317F31E5CF0A70043838D /* GothamRnd-LightIta.otf in Resources */ = {isa = PBXBuildFile; fileRef = 092317E01E5CF0A70043838D /* GothamRnd-LightIta.otf */; };
		092317F41E5CF0A70043838D /* GothamRnd-MedIta.otf in Resources */ = {isa = PBXBuildFile; fileRef = 092317E11E5CF0A70043838D /* GothamRnd-MedIta.otf */; };
		092317F51E5CF0A70043838D /* GothamRnd-Medium.otf in Resources */ = {isa = PBXBuildFile; fileRef = 092317E21E5CF0A70043838D /* GothamRnd-Medium.otf */; };
		092317F61E5CF0A70043838D /* GOTHMTHI.TTF in Resources */ = {isa = PBXBuildFile; fileRef = 092317E41E5CF0A70043838D /* GOTHMTHI.TTF */; };
		092317F71E5CF0A70043838D /* GOTHMTIT.TTF in Resources */ = {isa = PBXBuildFile; fileRef = 092317E51E5CF0A70043838D /* GOTHMTIT.TTF */; };
		093736AD1E8800C9004C1226 /* DFTInnerFeedCell.xib in Resources */ = {isa = PBXBuildFile; fileRef = 093736AC1E8800C9004C1226 /* DFTInnerFeedCell.xib */; };
		09954DDC1E6AE53100C3794D /* DFTSegmentedControl.xib in Resources */ = {isa = PBXBuildFile; fileRef = 09954DDB1E6AE53100C3794D /* DFTSegmentedControl.xib */; };
		09A97CD81E64E11200381FB2 /* DFTCollectionFeedCell.m in Sources */ = {isa = PBXBuildFile; fileRef = 09A97CD71E64E11100381FB2 /* DFTCollectionFeedCell.m */; };
		09DAA03E1E67826C00E92A1F /* DFTFeedViewController.m in Sources */ = {isa = PBXBuildFile; fileRef = 09DAA03D1E67826C00E92A1F /* DFTFeedViewController.m */; };
		09DAA0431E678DEC00E92A1F /* GOTHMBIT.TTF in Resources */ = {isa = PBXBuildFile; fileRef = 09DAA0411E678DEC00E92A1F /* GOTHMBIT.TTF */; };
		09DAA0441E678DEC00E92A1F /* GOTHMBOL.TTF in Resources */ = {isa = PBXBuildFile; fileRef = 09DAA0421E678DEC00E92A1F /* GOTHMBOL.TTF */; };
		09DAA0471E68D3FD00E92A1F /* DFTSegmentedControl.m in Sources */ = {isa = PBXBuildFile; fileRef = 09DAA0461E68D3FD00E92A1F /* DFTSegmentedControl.m */; };
		32A4D11679D1C0E53A9F419D /* libPods-Drift.a in Frameworks */ = {isa = PBXBuildFile; fileRef = F802EDC41987F133802A1305 /* libPods-Drift.a */; };
		BD4C62951EA569BD0089B7A3 /* DFTOpenedDropViewController.m in Sources */ = {isa = PBXBuildFile; fileRef = BD4C62941EA569BD0089B7A3 /* DFTOpenedDropViewController.m */; };
		BD5D2DA71EA81142007F782D /* MathUtils.m in Sources */ = {isa = PBXBuildFile; fileRef = BD5D2DA61EA81142007F782D /* MathUtils.m */; };
		BD9C94401EA4B42B000CDF6B /* Images.xcassets in Resources */ = {isa = PBXBuildFile; fileRef = BD9C943F1EA4B42B000CDF6B /* Images.xcassets */; };
		BDECA5A01EA52438008C5335 /* DFTOptionTableViewCell.m in Sources */ = {isa = PBXBuildFile; fileRef = BDECA59F1EA52438008C5335 /* DFTOptionTableViewCell.m */; };
		DD2CE5661E57960A00204E64 /* DFTAddDropViewController.m in Sources */ = {isa = PBXBuildFile; fileRef = DD2CE5651E57960A00204E64 /* DFTAddDropViewController.m */; };
		DD2CE56A1E5CE15100204E64 /* DFTFirstSectionLayout.m in Sources */ = {isa = PBXBuildFile; fileRef = DD2CE5691E5CE15100204E64 /* DFTFirstSectionLayout.m */; };
		DD34C85D1E61E955003853D6 /* DFTFormRowTableViewDelegate.m in Sources */ = {isa = PBXBuildFile; fileRef = DD34C85C1E61E955003853D6 /* DFTFormRowTableViewDelegate.m */; };
		DD34C8611E61EB57003853D6 /* DFTAddDropContentTableView.m in Sources */ = {isa = PBXBuildFile; fileRef = DD34C8601E61EB57003853D6 /* DFTAddDropContentTableView.m */; };
		DD34C8641E61EC1B003853D6 /* DFTAddDropSettingsTableView.m in Sources */ = {isa = PBXBuildFile; fileRef = DD34C8631E61EC1B003853D6 /* DFTAddDropSettingsTableView.m */; };
		DD34C8691E620D60003853D6 /* DFTAddDropStepCell.m in Sources */ = {isa = PBXBuildFile; fileRef = DD34C8671E620BA5003853D6 /* DFTAddDropStepCell.m */; };
		DD34C86C1E624495003853D6 /* DFTAddDropContentCell.m in Sources */ = {isa = PBXBuildFile; fileRef = DD34C86B1E624495003853D6 /* DFTAddDropContentCell.m */; };
		DD36B8131F0C3758007FE477 /* DFTDropManager.m in Sources */ = {isa = PBXBuildFile; fileRef = DD36B8121F0C3758007FE477 /* DFTDropManager.m */; };
		DD3B99AC1E15AB4F0098208F /* DFTMapboxDelegate.m in Sources */ = {isa = PBXBuildFile; fileRef = DD3B99AB1E15AB4F0098208F /* DFTMapboxDelegate.m */; };
		DD3B99B71E214FD40098208F /* UIFont+Drift.m in Sources */ = {isa = PBXBuildFile; fileRef = DD3B99B61E214FD40098208F /* UIFont+Drift.m */; };
		DD3B9A0D1E258BDA0098208F /* DFTFeedHeaderView.m in Sources */ = {isa = PBXBuildFile; fileRef = DD3B9A0C1E258BDA0098208F /* DFTFeedHeaderView.m */; };
		DD3D903E1DF3259100B8A6CF /* DFTNetworkClient+DFTUser.m in Sources */ = {isa = PBXBuildFile; fileRef = DD3D903D1DF3259100B8A6CF /* DFTNetworkClient+DFTUser.m */; };
		DD3D90411DF3268200B8A6CF /* DFTUser.m in Sources */ = {isa = PBXBuildFile; fileRef = DD3D90401DF3268200B8A6CF /* DFTUser.m */; };
		DD3D90441DF32F6900B8A6CF /* DFTObject.m in Sources */ = {isa = PBXBuildFile; fileRef = DD3D90431DF32F6900B8A6CF /* DFTObject.m */; };
		DD3D90471DF8A7EA00B8A6CF /* DFTUserManager.m in Sources */ = {isa = PBXBuildFile; fileRef = DD3D90461DF8A7EA00B8A6CF /* DFTUserManager.m */; };
		DD45C9A31E2594B700ED3E20 /* DFTFeedContainerViewController.m in Sources */ = {isa = PBXBuildFile; fileRef = DD45C9A21E2594B700ED3E20 /* DFTFeedContainerViewController.m */; };
		DD45C9A61E28219C00ED3E20 /* DFTInnerFeedViewController.m in Sources */ = {isa = PBXBuildFile; fileRef = DD45C9A51E28219C00ED3E20 /* DFTInnerFeedViewController.m */; };
		DD45C9A91E2821AE00ED3E20 /* DFTCollectionFeedViewController.m in Sources */ = {isa = PBXBuildFile; fileRef = DD45C9A81E2821AE00ED3E20 /* DFTCollectionFeedViewController.m */; };
		DD4A076E1E3FCACD00E4CF95 /* DFTInnerFeedCell.m in Sources */ = {isa = PBXBuildFile; fileRef = DD4A076C1E3FCACD00E4CF95 /* DFTInnerFeedCell.m */; };
		DD4A07721E3FD39B00E4CF95 /* DFTScrollView.m in Sources */ = {isa = PBXBuildFile; fileRef = DD4A07711E3FD39B00E4CF95 /* DFTScrollView.m */; };
		DD4A07751E42790800E4CF95 /* DFTCollectionView.m in Sources */ = {isa = PBXBuildFile; fileRef = DD4A07741E42790800E4CF95 /* DFTCollectionView.m */; };
		DD4AB0121F112C3E00A9098A /* DFTUserGroupCell.m in Sources */ = {isa = PBXBuildFile; fileRef = DD4AB0101F112C3E00A9098A /* DFTUserGroupCell.m */; };
		DD4AB0131F112C3E00A9098A /* DFTUserGroupCell.xib in Resources */ = {isa = PBXBuildFile; fileRef = DD4AB0111F112C3E00A9098A /* DFTUserGroupCell.xib */; };
		DD4D6D691E3150D600E3605A /* DFTDropViewController.m in Sources */ = {isa = PBXBuildFile; fileRef = DD4D6D681E3150D600E3605A /* DFTDropViewController.m */; };
		DD4D6D6D1E3159FA00E3605A /* DFTJellyButton.m in Sources */ = {isa = PBXBuildFile; fileRef = DD4D6D6C1E3159FA00E3605A /* DFTJellyButton.m */; };
		DD4D6D701E315A0700E3605A /* DFTJellyTrigger.m in Sources */ = {isa = PBXBuildFile; fileRef = DD4D6D6F1E315A0700E3605A /* DFTJellyTrigger.m */; };
		DD4D6D731E315C4400E3605A /* DFTTabBarController.m in Sources */ = {isa = PBXBuildFile; fileRef = DD4D6D721E315C4400E3605A /* DFTTabBarController.m */; };
		DD4D6D7B1E369D5D00E3605A /* VLDContextSheet.m in Sources */ = {isa = PBXBuildFile; fileRef = DD4D6D761E369D5D00E3605A /* VLDContextSheet.m */; };
		DD4D6D7C1E369D5D00E3605A /* VLDContextSheetItem.m in Sources */ = {isa = PBXBuildFile; fileRef = DD4D6D781E369D5D00E3605A /* VLDContextSheetItem.m */; };
		DD4D6D7D1E369D5D00E3605A /* VLDContextSheetItemView.m in Sources */ = {isa = PBXBuildFile; fileRef = DD4D6D7A1E369D5D00E3605A /* VLDContextSheetItemView.m */; };
		DD54E3BC1EA53BA9007EE21A /* DFTDropSignalViewController.m in Sources */ = {isa = PBXBuildFile; fileRef = DD54E3BB1EA53BA9007EE21A /* DFTDropSignalViewController.m */; };
		DD7544C81E89F8A0002AEC38 /* BPI.gpx in Resources */ = {isa = PBXBuildFile; fileRef = DD7544C71E89F8A0002AEC38 /* BPI.gpx */; };
		DD7544CC1E958415002AEC38 /* DFTProfileViewController.m in Sources */ = {isa = PBXBuildFile; fileRef = DD7544CB1E958415002AEC38 /* DFTProfileViewController.m */; };
		DD7EF32A1EF9BE240079A816 /* DFTDropFormViewController+DFTDropFormCamera.m in Sources */ = {isa = PBXBuildFile; fileRef = DD7EF3291EF9BE240079A816 /* DFTDropFormViewController+DFTDropFormCamera.m */; };
		DD844CF11EE1F38E0068B9CE /* DFTDropFormViewController.m in Sources */ = {isa = PBXBuildFile; fileRef = DD844CF01EE1F38E0068B9CE /* DFTDropFormViewController.m */; };
		DD844CF51EE1FBB30068B9CE /* DFTDropFormFirstStepView.m in Sources */ = {isa = PBXBuildFile; fileRef = DD844CF41EE1FBB30068B9CE /* DFTDropFormFirstStepView.m */; };
		DD90899E1E661DC000737B33 /* DFTMapManager.m in Sources */ = {isa = PBXBuildFile; fileRef = DD90899D1E661DC000737B33 /* DFTMapManager.m */; };
		DD9C1B8A1F1A48F400567C20 /* DFTMiniOptionCell.m in Sources */ = {isa = PBXBuildFile; fileRef = DD9C1B881F1A48F400567C20 /* DFTMiniOptionCell.m */; };
		DD9C1B8B1F1A48F400567C20 /* DFTMiniOptionCell.xib in Resources */ = {isa = PBXBuildFile; fileRef = DD9C1B891F1A48F400567C20 /* DFTMiniOptionCell.xib */; };
		DDA3C65D1E0C61FA00BF9BFE /* DFTFeedManager.m in Sources */ = {isa = PBXBuildFile; fileRef = DDA3C65C1E0C61FA00BF9BFE /* DFTFeedManager.m */; };
		DDA3C6601E0C63BC00BF9BFE /* DFTNetworkClient+DFTDrop.m in Sources */ = {isa = PBXBuildFile; fileRef = DDA3C65F1E0C63BC00BF9BFE /* DFTNetworkClient+DFTDrop.m */; };
		DDA59A481DD3DACB000B942B /* main.m in Sources */ = {isa = PBXBuildFile; fileRef = DDA59A471DD3DACB000B942B /* main.m */; };
		DDA59A4B1DD3DACB000B942B /* DFTAppDelegate.m in Sources */ = {isa = PBXBuildFile; fileRef = DDA59A4A1DD3DACB000B942B /* DFTAppDelegate.m */; };
		DDA59A4E1DD3DACB000B942B /* DFTLoginViewController.m in Sources */ = {isa = PBXBuildFile; fileRef = DDA59A4D1DD3DACB000B942B /* DFTLoginViewController.m */; };
		DDA59A511DD3DACB000B942B /* Main.storyboard in Resources */ = {isa = PBXBuildFile; fileRef = DDA59A4F1DD3DACB000B942B /* Main.storyboard */; };
		DDA59A561DD3DACB000B942B /* LaunchScreen.storyboard in Resources */ = {isa = PBXBuildFile; fileRef = DDA59A541DD3DACB000B942B /* LaunchScreen.storyboard */; };
		DDA59A6C1DD4E6F4000B942B /* Lato-Black.ttf in Resources */ = {isa = PBXBuildFile; fileRef = DDA59A631DD4E6F4000B942B /* Lato-Black.ttf */; };
		DDA59A6D1DD4E6F4000B942B /* Lato-BlackItalic.ttf in Resources */ = {isa = PBXBuildFile; fileRef = DDA59A641DD4E6F4000B942B /* Lato-BlackItalic.ttf */; };
		DDA59A6E1DD4E6F4000B942B /* Lato-Bold.ttf in Resources */ = {isa = PBXBuildFile; fileRef = DDA59A651DD4E6F4000B942B /* Lato-Bold.ttf */; };
		DDA59A6F1DD4E6F4000B942B /* Lato-BoldItalic.ttf in Resources */ = {isa = PBXBuildFile; fileRef = DDA59A661DD4E6F4000B942B /* Lato-BoldItalic.ttf */; };
		DDA59A701DD4E6F4000B942B /* Lato-Hairline.ttf in Resources */ = {isa = PBXBuildFile; fileRef = DDA59A671DD4E6F4000B942B /* Lato-Hairline.ttf */; };
		DDA59A711DD4E6F4000B942B /* Lato-HairlineItalic.ttf in Resources */ = {isa = PBXBuildFile; fileRef = DDA59A681DD4E6F4000B942B /* Lato-HairlineItalic.ttf */; };
		DDA59A721DD4E6F4000B942B /* Lato-Italic.ttf in Resources */ = {isa = PBXBuildFile; fileRef = DDA59A691DD4E6F4000B942B /* Lato-Italic.ttf */; };
		DDA59A731DD4E6F4000B942B /* Lato-LightItalic.ttf in Resources */ = {isa = PBXBuildFile; fileRef = DDA59A6A1DD4E6F4000B942B /* Lato-LightItalic.ttf */; };
		DDA59A751DD50DF0000B942B /* Notes in Resources */ = {isa = PBXBuildFile; fileRef = DDA59A741DD50DF0000B942B /* Notes */; };
		DDA59A7C1DD51D6A000B942B /* DFTRoundedButton.m in Sources */ = {isa = PBXBuildFile; fileRef = DDA59A7B1DD51D6A000B942B /* DFTRoundedButton.m */; };
		DDA59A811DD5202E000B942B /* UIColor+DFTStyles.m in Sources */ = {isa = PBXBuildFile; fileRef = DDA59A801DD5202E000B942B /* UIColor+DFTStyles.m */; };
		DDB50F471DDE4E5A00542EAA /* DFTNetworkClient.m in Sources */ = {isa = PBXBuildFile; fileRef = DDB50F461DDE4E5A00542EAA /* DFTNetworkClient.m */; };
		DDB50F4A1DDE542E00542EAA /* NSURL+DFTUtils.m in Sources */ = {isa = PBXBuildFile; fileRef = DDB50F491DDE542E00542EAA /* NSURL+DFTUtils.m */; };
		DDB50F4D1DDE569700542EAA /* PcURLRequestFormatter.m in Sources */ = {isa = PBXBuildFile; fileRef = DDB50F4C1DDE569700542EAA /* PcURLRequestFormatter.m */; };
		DDB50F501DDE5F4D00542EAA /* DFTSessionManager.m in Sources */ = {isa = PBXBuildFile; fileRef = DDB50F4F1DDE5F4D00542EAA /* DFTSessionManager.m */; };
		DDB50F531DDE60F300542EAA /* DFTManagerConstants.m in Sources */ = {isa = PBXBuildFile; fileRef = DDB50F511DDE60F300542EAA /* DFTManagerConstants.m */; };
		DDD6A0B41DE7972F00FF9741 /* DFTDrop.m in Sources */ = {isa = PBXBuildFile; fileRef = DDD6A0B31DE7972F00FF9741 /* DFTDrop.m */; };
		DDD6A0B91DE99A7200FF9741 /* DFTGlobalFeedViewController.m in Sources */ = {isa = PBXBuildFile; fileRef = DDD6A0B81DE99A7200FF9741 /* DFTGlobalFeedViewController.m */; };
		DDD6A0BC1DE9AF5F00FF9741 /* DFTFeedCollectionViewLayout.m in Sources */ = {isa = PBXBuildFile; fileRef = DDD6A0BB1DE9AF5F00FF9741 /* DFTFeedCollectionViewLayout.m */; };
		DDD6A0C11DE9F4D400FF9741 /* DFTFeedCell.m in Sources */ = {isa = PBXBuildFile; fileRef = DDD6A0C01DE9F4D400FF9741 /* DFTFeedCell.m */; };
		DDD6A0C31DE9F57900FF9741 /* DFTFeedCell.xib in Resources */ = {isa = PBXBuildFile; fileRef = DDD6A0C21DE9F57900FF9741 /* DFTFeedCell.xib */; };
		DDDD04561E638CF0003DE070 /* DFTDriftViewController.m in Sources */ = {isa = PBXBuildFile; fileRef = DDDD04551E638CF0003DE070 /* DFTDriftViewController.m */; };
		DDE840D91E6CAC1600B18B0C /* DFTDropFormManager.m in Sources */ = {isa = PBXBuildFile; fileRef = DDE840D81E6CAC1600B18B0C /* DFTDropFormManager.m */; };
		DDFB79D51E9EAFF90022000B /* DFTProfileMostLikedView.m in Sources */ = {isa = PBXBuildFile; fileRef = DDFB79D41E9EAFF90022000B /* DFTProfileMostLikedView.m */; };
		DDFB79D71E9EB0050022000B /* DFTProfileMostLikedView.xib in Resources */ = {isa = PBXBuildFile; fileRef = DDFB79D61E9EB0050022000B /* DFTProfileMostLikedView.xib */; };
		DDFB79DB1E9ED0B40022000B /* DFTProfileStatCellCollectionViewCell.m in Sources */ = {isa = PBXBuildFile; fileRef = DDFB79DA1E9ED0B40022000B /* DFTProfileStatCellCollectionViewCell.m */; };
		DDFB79DE1EA281460022000B /* DFTRadialGradientLayer.m in Sources */ = {isa = PBXBuildFile; fileRef = DDFB79DD1EA281460022000B /* DFTRadialGradientLayer.m */; };
		DDFB79E11EA28B8B0022000B /* square.json in Resources */ = {isa = PBXBuildFile; fileRef = DDFB79E01EA28B8B0022000B /* square.json */; };
		EBC274241E9BA5ED006D20F4 /* Localizable.strings in Resources */ = {isa = PBXBuildFile; fileRef = EBC274261E9BA5ED006D20F4 /* Localizable.strings */; };
		EBEEEB221E9BD39900F0147A /* ImageUtils.m in Sources */ = {isa = PBXBuildFile; fileRef = EBEEEB211E9BD39900F0147A /* ImageUtils.m */; };
/* End PBXBuildFile section */

/* Begin PBXFileReference section */
		092317D21E5CF0A60043838D /* GOTHMBOK.TTF */ = {isa = PBXFileReference; lastKnownFileType = file; path = GOTHMBOK.TTF; sourceTree = "<group>"; };
		092317D31E5CF0A60043838D /* GOTHMZIT.TTF */ = {isa = PBXFileReference; lastKnownFileType = file; path = GOTHMZIT.TTF; sourceTree = "<group>"; };
		092317D51E5CF0A60043838D /* GOTHMLIG.TTF */ = {isa = PBXFileReference; lastKnownFileType = file; path = GOTHMLIG.TTF; sourceTree = "<group>"; };
		092317D61E5CF0A60043838D /* GOTHMLIT.TTF */ = {isa = PBXFileReference; lastKnownFileType = file; path = GOTHMLIT.TTF; sourceTree = "<group>"; };
		092317D81E5CF0A60043838D /* GOTHMMED.TTF */ = {isa = PBXFileReference; lastKnownFileType = file; path = GOTHMMED.TTF; sourceTree = "<group>"; };
		092317D91E5CF0A60043838D /* GOTHMMIT.TTF */ = {isa = PBXFileReference; lastKnownFileType = file; path = GOTHMMIT.TTF; sourceTree = "<group>"; };
		092317DB1E5CF0A60043838D /* GothamRnd-Bold.otf */ = {isa = PBXFileReference; lastKnownFileType = file; path = "GothamRnd-Bold.otf"; sourceTree = "<group>"; };
		092317DC1E5CF0A70043838D /* GothamRnd-BoldIta.otf */ = {isa = PBXFileReference; lastKnownFileType = file; path = "GothamRnd-BoldIta.otf"; sourceTree = "<group>"; };
		092317DD1E5CF0A70043838D /* GothamRnd-Book.otf */ = {isa = PBXFileReference; lastKnownFileType = file; path = "GothamRnd-Book.otf"; sourceTree = "<group>"; };
		092317DE1E5CF0A70043838D /* GothamRnd-BookIta.otf */ = {isa = PBXFileReference; lastKnownFileType = file; path = "GothamRnd-BookIta.otf"; sourceTree = "<group>"; };
		092317DF1E5CF0A70043838D /* GothamRnd-Light.otf */ = {isa = PBXFileReference; lastKnownFileType = file; path = "GothamRnd-Light.otf"; sourceTree = "<group>"; };
		092317E01E5CF0A70043838D /* GothamRnd-LightIta.otf */ = {isa = PBXFileReference; lastKnownFileType = file; path = "GothamRnd-LightIta.otf"; sourceTree = "<group>"; };
		092317E11E5CF0A70043838D /* GothamRnd-MedIta.otf */ = {isa = PBXFileReference; lastKnownFileType = file; path = "GothamRnd-MedIta.otf"; sourceTree = "<group>"; };
		092317E21E5CF0A70043838D /* GothamRnd-Medium.otf */ = {isa = PBXFileReference; lastKnownFileType = file; path = "GothamRnd-Medium.otf"; sourceTree = "<group>"; };
		092317E41E5CF0A70043838D /* GOTHMTHI.TTF */ = {isa = PBXFileReference; lastKnownFileType = file; path = GOTHMTHI.TTF; sourceTree = "<group>"; };
		092317E51E5CF0A70043838D /* GOTHMTIT.TTF */ = {isa = PBXFileReference; lastKnownFileType = file; path = GOTHMTIT.TTF; sourceTree = "<group>"; };
		093736AC1E8800C9004C1226 /* DFTInnerFeedCell.xib */ = {isa = PBXFileReference; fileEncoding = 4; lastKnownFileType = file.xib; path = DFTInnerFeedCell.xib; sourceTree = "<group>"; };
		09954DDB1E6AE53100C3794D /* DFTSegmentedControl.xib */ = {isa = PBXFileReference; fileEncoding = 4; lastKnownFileType = file.xib; path = DFTSegmentedControl.xib; sourceTree = "<group>"; };
		09A97CD61E64E11100381FB2 /* DFTCollectionFeedCell.h */ = {isa = PBXFileReference; fileEncoding = 4; lastKnownFileType = sourcecode.c.h; path = DFTCollectionFeedCell.h; sourceTree = "<group>"; };
		09A97CD71E64E11100381FB2 /* DFTCollectionFeedCell.m */ = {isa = PBXFileReference; fileEncoding = 4; lastKnownFileType = sourcecode.c.objc; path = DFTCollectionFeedCell.m; sourceTree = "<group>"; };
		09DAA03C1E67826C00E92A1F /* DFTFeedViewController.h */ = {isa = PBXFileReference; fileEncoding = 4; lastKnownFileType = sourcecode.c.h; path = DFTFeedViewController.h; sourceTree = "<group>"; };
		09DAA03D1E67826C00E92A1F /* DFTFeedViewController.m */ = {isa = PBXFileReference; fileEncoding = 4; lastKnownFileType = sourcecode.c.objc; path = DFTFeedViewController.m; sourceTree = "<group>"; };
		09DAA0411E678DEC00E92A1F /* GOTHMBIT.TTF */ = {isa = PBXFileReference; lastKnownFileType = file; path = GOTHMBIT.TTF; sourceTree = "<group>"; };
		09DAA0421E678DEC00E92A1F /* GOTHMBOL.TTF */ = {isa = PBXFileReference; lastKnownFileType = file; path = GOTHMBOL.TTF; sourceTree = "<group>"; };
		09DAA0451E68D3FD00E92A1F /* DFTSegmentedControl.h */ = {isa = PBXFileReference; fileEncoding = 4; lastKnownFileType = sourcecode.c.h; path = DFTSegmentedControl.h; sourceTree = "<group>"; };
		09DAA0461E68D3FD00E92A1F /* DFTSegmentedControl.m */ = {isa = PBXFileReference; fileEncoding = 4; lastKnownFileType = sourcecode.c.objc; path = DFTSegmentedControl.m; sourceTree = "<group>"; };
		A463E86E3572A14BB7C00F0B /* Pods-Drift.release.xcconfig */ = {isa = PBXFileReference; includeInIndex = 1; lastKnownFileType = text.xcconfig; name = "Pods-Drift.release.xcconfig"; path = "Pods/Target Support Files/Pods-Drift/Pods-Drift.release.xcconfig"; sourceTree = "<group>"; };
		BD4C62931EA569BD0089B7A3 /* DFTOpenedDropViewController.h */ = {isa = PBXFileReference; fileEncoding = 4; lastKnownFileType = sourcecode.c.h; path = DFTOpenedDropViewController.h; sourceTree = "<group>"; };
		BD4C62941EA569BD0089B7A3 /* DFTOpenedDropViewController.m */ = {isa = PBXFileReference; fileEncoding = 4; lastKnownFileType = sourcecode.c.objc; path = DFTOpenedDropViewController.m; sourceTree = "<group>"; };
		BD5D2DA51EA81142007F782D /* MathUtils.h */ = {isa = PBXFileReference; fileEncoding = 4; lastKnownFileType = sourcecode.c.h; path = MathUtils.h; sourceTree = "<group>"; };
		BD5D2DA61EA81142007F782D /* MathUtils.m */ = {isa = PBXFileReference; fileEncoding = 4; lastKnownFileType = sourcecode.c.objc; path = MathUtils.m; sourceTree = "<group>"; };
		BD9C943F1EA4B42B000CDF6B /* Images.xcassets */ = {isa = PBXFileReference; lastKnownFileType = folder.assetcatalog; path = Images.xcassets; sourceTree = SOURCE_ROOT; };
		BDECA59E1EA52438008C5335 /* DFTOptionTableViewCell.h */ = {isa = PBXFileReference; fileEncoding = 4; lastKnownFileType = sourcecode.c.h; path = DFTOptionTableViewCell.h; sourceTree = "<group>"; };
		BDECA59F1EA52438008C5335 /* DFTOptionTableViewCell.m */ = {isa = PBXFileReference; fileEncoding = 4; lastKnownFileType = sourcecode.c.objc; path = DFTOptionTableViewCell.m; sourceTree = "<group>"; };
		D8B6FEE01483E9DFBF0A2D45 /* Pods-Drift.debug.xcconfig */ = {isa = PBXFileReference; includeInIndex = 1; lastKnownFileType = text.xcconfig; name = "Pods-Drift.debug.xcconfig"; path = "Pods/Target Support Files/Pods-Drift/Pods-Drift.debug.xcconfig"; sourceTree = "<group>"; };
		DD2CE5641E57960A00204E64 /* DFTAddDropViewController.h */ = {isa = PBXFileReference; fileEncoding = 4; lastKnownFileType = sourcecode.c.h; path = DFTAddDropViewController.h; sourceTree = "<group>"; };
		DD2CE5651E57960A00204E64 /* DFTAddDropViewController.m */ = {isa = PBXFileReference; fileEncoding = 4; lastKnownFileType = sourcecode.c.objc; path = DFTAddDropViewController.m; sourceTree = "<group>"; };
		DD2CE5681E5CE15100204E64 /* DFTFirstSectionLayout.h */ = {isa = PBXFileReference; fileEncoding = 4; lastKnownFileType = sourcecode.c.h; path = DFTFirstSectionLayout.h; sourceTree = "<group>"; };
		DD2CE5691E5CE15100204E64 /* DFTFirstSectionLayout.m */ = {isa = PBXFileReference; fileEncoding = 4; lastKnownFileType = sourcecode.c.objc; path = DFTFirstSectionLayout.m; sourceTree = "<group>"; };
		DD34C85B1E61E955003853D6 /* DFTFormRowTableViewDelegate.h */ = {isa = PBXFileReference; fileEncoding = 4; lastKnownFileType = sourcecode.c.h; path = DFTFormRowTableViewDelegate.h; sourceTree = "<group>"; };
		DD34C85C1E61E955003853D6 /* DFTFormRowTableViewDelegate.m */ = {isa = PBXFileReference; fileEncoding = 4; lastKnownFileType = sourcecode.c.objc; path = DFTFormRowTableViewDelegate.m; sourceTree = "<group>"; };
		DD34C85F1E61EB57003853D6 /* DFTAddDropContentTableView.h */ = {isa = PBXFileReference; fileEncoding = 4; lastKnownFileType = sourcecode.c.h; path = DFTAddDropContentTableView.h; sourceTree = "<group>"; };
		DD34C8601E61EB57003853D6 /* DFTAddDropContentTableView.m */ = {isa = PBXFileReference; fileEncoding = 4; lastKnownFileType = sourcecode.c.objc; path = DFTAddDropContentTableView.m; sourceTree = "<group>"; };
		DD34C8621E61EC1B003853D6 /* DFTAddDropSettingsTableView.h */ = {isa = PBXFileReference; fileEncoding = 4; lastKnownFileType = sourcecode.c.h; path = DFTAddDropSettingsTableView.h; sourceTree = "<group>"; };
		DD34C8631E61EC1B003853D6 /* DFTAddDropSettingsTableView.m */ = {isa = PBXFileReference; fileEncoding = 4; lastKnownFileType = sourcecode.c.objc; path = DFTAddDropSettingsTableView.m; sourceTree = "<group>"; };
		DD34C8661E620BA5003853D6 /* DFTAddDropStepCell.h */ = {isa = PBXFileReference; fileEncoding = 4; lastKnownFileType = sourcecode.c.h; path = DFTAddDropStepCell.h; sourceTree = "<group>"; };
		DD34C8671E620BA5003853D6 /* DFTAddDropStepCell.m */ = {isa = PBXFileReference; fileEncoding = 4; lastKnownFileType = sourcecode.c.objc; path = DFTAddDropStepCell.m; sourceTree = "<group>"; };
		DD34C86A1E624495003853D6 /* DFTAddDropContentCell.h */ = {isa = PBXFileReference; fileEncoding = 4; lastKnownFileType = sourcecode.c.h; path = DFTAddDropContentCell.h; sourceTree = "<group>"; };
		DD34C86B1E624495003853D6 /* DFTAddDropContentCell.m */ = {isa = PBXFileReference; fileEncoding = 4; lastKnownFileType = sourcecode.c.objc; path = DFTAddDropContentCell.m; sourceTree = "<group>"; };
		DD36B8111F0C3758007FE477 /* DFTDropManager.h */ = {isa = PBXFileReference; fileEncoding = 4; lastKnownFileType = sourcecode.c.h; path = DFTDropManager.h; sourceTree = "<group>"; };
		DD36B8121F0C3758007FE477 /* DFTDropManager.m */ = {isa = PBXFileReference; fileEncoding = 4; lastKnownFileType = sourcecode.c.objc; path = DFTDropManager.m; sourceTree = "<group>"; };
		DD3B99AA1E15AB4F0098208F /* DFTMapboxDelegate.h */ = {isa = PBXFileReference; fileEncoding = 4; lastKnownFileType = sourcecode.c.h; path = DFTMapboxDelegate.h; sourceTree = "<group>"; };
		DD3B99AB1E15AB4F0098208F /* DFTMapboxDelegate.m */ = {isa = PBXFileReference; fileEncoding = 4; lastKnownFileType = sourcecode.c.objc; path = DFTMapboxDelegate.m; sourceTree = "<group>"; };
		DD3B99B51E214FD40098208F /* UIFont+Drift.h */ = {isa = PBXFileReference; fileEncoding = 4; lastKnownFileType = sourcecode.c.h; path = "UIFont+Drift.h"; sourceTree = "<group>"; };
		DD3B99B61E214FD40098208F /* UIFont+Drift.m */ = {isa = PBXFileReference; fileEncoding = 4; lastKnownFileType = sourcecode.c.objc; path = "UIFont+Drift.m"; sourceTree = "<group>"; };
		DD3B9A0B1E258BDA0098208F /* DFTFeedHeaderView.h */ = {isa = PBXFileReference; fileEncoding = 4; lastKnownFileType = sourcecode.c.h; path = DFTFeedHeaderView.h; sourceTree = "<group>"; };
		DD3B9A0C1E258BDA0098208F /* DFTFeedHeaderView.m */ = {isa = PBXFileReference; fileEncoding = 4; lastKnownFileType = sourcecode.c.objc; path = DFTFeedHeaderView.m; sourceTree = "<group>"; };
		DD3D903C1DF3259100B8A6CF /* DFTNetworkClient+DFTUser.h */ = {isa = PBXFileReference; fileEncoding = 4; lastKnownFileType = sourcecode.c.h; path = "DFTNetworkClient+DFTUser.h"; sourceTree = "<group>"; };
		DD3D903D1DF3259100B8A6CF /* DFTNetworkClient+DFTUser.m */ = {isa = PBXFileReference; fileEncoding = 4; lastKnownFileType = sourcecode.c.objc; path = "DFTNetworkClient+DFTUser.m"; sourceTree = "<group>"; };
		DD3D903F1DF3268200B8A6CF /* DFTUser.h */ = {isa = PBXFileReference; fileEncoding = 4; lastKnownFileType = sourcecode.c.h; path = DFTUser.h; sourceTree = "<group>"; };
		DD3D90401DF3268200B8A6CF /* DFTUser.m */ = {isa = PBXFileReference; fileEncoding = 4; lastKnownFileType = sourcecode.c.objc; path = DFTUser.m; sourceTree = "<group>"; };
		DD3D90421DF32F6900B8A6CF /* DFTObject.h */ = {isa = PBXFileReference; fileEncoding = 4; lastKnownFileType = sourcecode.c.h; path = DFTObject.h; sourceTree = "<group>"; };
		DD3D90431DF32F6900B8A6CF /* DFTObject.m */ = {isa = PBXFileReference; fileEncoding = 4; lastKnownFileType = sourcecode.c.objc; path = DFTObject.m; sourceTree = "<group>"; };
		DD3D90451DF8A7EA00B8A6CF /* DFTUserManager.h */ = {isa = PBXFileReference; fileEncoding = 4; lastKnownFileType = sourcecode.c.h; path = DFTUserManager.h; sourceTree = "<group>"; };
		DD3D90461DF8A7EA00B8A6CF /* DFTUserManager.m */ = {isa = PBXFileReference; fileEncoding = 4; lastKnownFileType = sourcecode.c.objc; path = DFTUserManager.m; sourceTree = "<group>"; };
		DD45C9A11E2594B700ED3E20 /* DFTFeedContainerViewController.h */ = {isa = PBXFileReference; fileEncoding = 4; lastKnownFileType = sourcecode.c.h; path = DFTFeedContainerViewController.h; sourceTree = "<group>"; };
		DD45C9A21E2594B700ED3E20 /* DFTFeedContainerViewController.m */ = {isa = PBXFileReference; fileEncoding = 4; lastKnownFileType = sourcecode.c.objc; path = DFTFeedContainerViewController.m; sourceTree = "<group>"; };
		DD45C9A41E28219C00ED3E20 /* DFTInnerFeedViewController.h */ = {isa = PBXFileReference; fileEncoding = 4; lastKnownFileType = sourcecode.c.h; path = DFTInnerFeedViewController.h; sourceTree = "<group>"; };
		DD45C9A51E28219C00ED3E20 /* DFTInnerFeedViewController.m */ = {isa = PBXFileReference; fileEncoding = 4; lastKnownFileType = sourcecode.c.objc; path = DFTInnerFeedViewController.m; sourceTree = "<group>"; };
		DD45C9A71E2821AE00ED3E20 /* DFTCollectionFeedViewController.h */ = {isa = PBXFileReference; fileEncoding = 4; lastKnownFileType = sourcecode.c.h; path = DFTCollectionFeedViewController.h; sourceTree = "<group>"; };
		DD45C9A81E2821AE00ED3E20 /* DFTCollectionFeedViewController.m */ = {isa = PBXFileReference; fileEncoding = 4; lastKnownFileType = sourcecode.c.objc; path = DFTCollectionFeedViewController.m; sourceTree = "<group>"; };
		DD4A076B1E3FCACD00E4CF95 /* DFTInnerFeedCell.h */ = {isa = PBXFileReference; fileEncoding = 4; lastKnownFileType = sourcecode.c.h; path = DFTInnerFeedCell.h; sourceTree = "<group>"; };
		DD4A076C1E3FCACD00E4CF95 /* DFTInnerFeedCell.m */ = {isa = PBXFileReference; fileEncoding = 4; lastKnownFileType = sourcecode.c.objc; path = DFTInnerFeedCell.m; sourceTree = "<group>"; };
		DD4A07701E3FD39B00E4CF95 /* DFTScrollView.h */ = {isa = PBXFileReference; fileEncoding = 4; lastKnownFileType = sourcecode.c.h; path = DFTScrollView.h; sourceTree = "<group>"; };
		DD4A07711E3FD39B00E4CF95 /* DFTScrollView.m */ = {isa = PBXFileReference; fileEncoding = 4; lastKnownFileType = sourcecode.c.objc; path = DFTScrollView.m; sourceTree = "<group>"; };
		DD4A07731E42790800E4CF95 /* DFTCollectionView.h */ = {isa = PBXFileReference; fileEncoding = 4; lastKnownFileType = sourcecode.c.h; path = DFTCollectionView.h; sourceTree = "<group>"; };
		DD4A07741E42790800E4CF95 /* DFTCollectionView.m */ = {isa = PBXFileReference; fileEncoding = 4; lastKnownFileType = sourcecode.c.objc; path = DFTCollectionView.m; sourceTree = "<group>"; };
		DD4AB00F1F112C3E00A9098A /* DFTUserGroupCell.h */ = {isa = PBXFileReference; fileEncoding = 4; lastKnownFileType = sourcecode.c.h; path = DFTUserGroupCell.h; sourceTree = "<group>"; };
		DD4AB0101F112C3E00A9098A /* DFTUserGroupCell.m */ = {isa = PBXFileReference; fileEncoding = 4; lastKnownFileType = sourcecode.c.objc; path = DFTUserGroupCell.m; sourceTree = "<group>"; };
		DD4AB0111F112C3E00A9098A /* DFTUserGroupCell.xib */ = {isa = PBXFileReference; fileEncoding = 4; lastKnownFileType = file.xib; path = DFTUserGroupCell.xib; sourceTree = "<group>"; };
		DD4D6D671E3150D600E3605A /* DFTDropViewController.h */ = {isa = PBXFileReference; fileEncoding = 4; lastKnownFileType = sourcecode.c.h; path = DFTDropViewController.h; sourceTree = "<group>"; };
		DD4D6D681E3150D600E3605A /* DFTDropViewController.m */ = {isa = PBXFileReference; fileEncoding = 4; lastKnownFileType = sourcecode.c.objc; path = DFTDropViewController.m; sourceTree = "<group>"; };
		DD4D6D6B1E3159FA00E3605A /* DFTJellyButton.h */ = {isa = PBXFileReference; fileEncoding = 4; lastKnownFileType = sourcecode.c.h; path = DFTJellyButton.h; sourceTree = "<group>"; };
		DD4D6D6C1E3159FA00E3605A /* DFTJellyButton.m */ = {isa = PBXFileReference; fileEncoding = 4; lastKnownFileType = sourcecode.c.objc; path = DFTJellyButton.m; sourceTree = "<group>"; };
		DD4D6D6E1E315A0700E3605A /* DFTJellyTrigger.h */ = {isa = PBXFileReference; fileEncoding = 4; lastKnownFileType = sourcecode.c.h; path = DFTJellyTrigger.h; sourceTree = "<group>"; };
		DD4D6D6F1E315A0700E3605A /* DFTJellyTrigger.m */ = {isa = PBXFileReference; fileEncoding = 4; lastKnownFileType = sourcecode.c.objc; path = DFTJellyTrigger.m; sourceTree = "<group>"; };
		DD4D6D711E315C4400E3605A /* DFTTabBarController.h */ = {isa = PBXFileReference; fileEncoding = 4; lastKnownFileType = sourcecode.c.h; path = DFTTabBarController.h; sourceTree = "<group>"; };
		DD4D6D721E315C4400E3605A /* DFTTabBarController.m */ = {isa = PBXFileReference; fileEncoding = 4; lastKnownFileType = sourcecode.c.objc; path = DFTTabBarController.m; sourceTree = "<group>"; };
		DD4D6D751E369D5D00E3605A /* VLDContextSheet.h */ = {isa = PBXFileReference; fileEncoding = 4; lastKnownFileType = sourcecode.c.h; path = VLDContextSheet.h; sourceTree = "<group>"; };
		DD4D6D761E369D5D00E3605A /* VLDContextSheet.m */ = {isa = PBXFileReference; fileEncoding = 4; lastKnownFileType = sourcecode.c.objc; path = VLDContextSheet.m; sourceTree = "<group>"; };
		DD4D6D771E369D5D00E3605A /* VLDContextSheetItem.h */ = {isa = PBXFileReference; fileEncoding = 4; lastKnownFileType = sourcecode.c.h; path = VLDContextSheetItem.h; sourceTree = "<group>"; };
		DD4D6D781E369D5D00E3605A /* VLDContextSheetItem.m */ = {isa = PBXFileReference; fileEncoding = 4; lastKnownFileType = sourcecode.c.objc; path = VLDContextSheetItem.m; sourceTree = "<group>"; };
		DD4D6D791E369D5D00E3605A /* VLDContextSheetItemView.h */ = {isa = PBXFileReference; fileEncoding = 4; lastKnownFileType = sourcecode.c.h; path = VLDContextSheetItemView.h; sourceTree = "<group>"; };
		DD4D6D7A1E369D5D00E3605A /* VLDContextSheetItemView.m */ = {isa = PBXFileReference; fileEncoding = 4; lastKnownFileType = sourcecode.c.objc; path = VLDContextSheetItemView.m; sourceTree = "<group>"; };
		DD54E3BA1EA53BA9007EE21A /* DFTDropSignalViewController.h */ = {isa = PBXFileReference; fileEncoding = 4; lastKnownFileType = sourcecode.c.h; path = DFTDropSignalViewController.h; sourceTree = "<group>"; };
		DD54E3BB1EA53BA9007EE21A /* DFTDropSignalViewController.m */ = {isa = PBXFileReference; fileEncoding = 4; lastKnownFileType = sourcecode.c.objc; path = DFTDropSignalViewController.m; sourceTree = "<group>"; };
		DD7544C71E89F8A0002AEC38 /* BPI.gpx */ = {isa = PBXFileReference; fileEncoding = 4; lastKnownFileType = text.xml; path = BPI.gpx; sourceTree = "<group>"; };
		DD7544CA1E958415002AEC38 /* DFTProfileViewController.h */ = {isa = PBXFileReference; fileEncoding = 4; lastKnownFileType = sourcecode.c.h; path = DFTProfileViewController.h; sourceTree = "<group>"; };
		DD7544CB1E958415002AEC38 /* DFTProfileViewController.m */ = {isa = PBXFileReference; fileEncoding = 4; lastKnownFileType = sourcecode.c.objc; path = DFTProfileViewController.m; sourceTree = "<group>"; };
		DD7EF3281EF9BE240079A816 /* DFTDropFormViewController+DFTDropFormCamera.h */ = {isa = PBXFileReference; fileEncoding = 4; lastKnownFileType = sourcecode.c.h; path = "DFTDropFormViewController+DFTDropFormCamera.h"; sourceTree = "<group>"; };
		DD7EF3291EF9BE240079A816 /* DFTDropFormViewController+DFTDropFormCamera.m */ = {isa = PBXFileReference; fileEncoding = 4; lastKnownFileType = sourcecode.c.objc; path = "DFTDropFormViewController+DFTDropFormCamera.m"; sourceTree = "<group>"; };
		DD844CEF1EE1F38E0068B9CE /* DFTDropFormViewController.h */ = {isa = PBXFileReference; fileEncoding = 4; lastKnownFileType = sourcecode.c.h; path = DFTDropFormViewController.h; sourceTree = "<group>"; };
		DD844CF01EE1F38E0068B9CE /* DFTDropFormViewController.m */ = {isa = PBXFileReference; fileEncoding = 4; lastKnownFileType = sourcecode.c.objc; path = DFTDropFormViewController.m; sourceTree = "<group>"; };
		DD844CF31EE1FBB30068B9CE /* DFTDropFormFirstStepView.h */ = {isa = PBXFileReference; fileEncoding = 4; lastKnownFileType = sourcecode.c.h; path = DFTDropFormFirstStepView.h; sourceTree = "<group>"; };
		DD844CF41EE1FBB30068B9CE /* DFTDropFormFirstStepView.m */ = {isa = PBXFileReference; fileEncoding = 4; lastKnownFileType = sourcecode.c.objc; path = DFTDropFormFirstStepView.m; sourceTree = "<group>"; };
		DD90899C1E661DC000737B33 /* DFTMapManager.h */ = {isa = PBXFileReference; fileEncoding = 4; lastKnownFileType = sourcecode.c.h; path = DFTMapManager.h; sourceTree = "<group>"; };
		DD90899D1E661DC000737B33 /* DFTMapManager.m */ = {isa = PBXFileReference; fileEncoding = 4; lastKnownFileType = sourcecode.c.objc; path = DFTMapManager.m; sourceTree = "<group>"; };
		DD9C1B871F1A48F400567C20 /* DFTMiniOptionCell.h */ = {isa = PBXFileReference; fileEncoding = 4; lastKnownFileType = sourcecode.c.h; path = DFTMiniOptionCell.h; sourceTree = "<group>"; };
		DD9C1B881F1A48F400567C20 /* DFTMiniOptionCell.m */ = {isa = PBXFileReference; fileEncoding = 4; lastKnownFileType = sourcecode.c.objc; path = DFTMiniOptionCell.m; sourceTree = "<group>"; };
		DD9C1B891F1A48F400567C20 /* DFTMiniOptionCell.xib */ = {isa = PBXFileReference; fileEncoding = 4; lastKnownFileType = file.xib; path = DFTMiniOptionCell.xib; sourceTree = "<group>"; };
		DDA3C65B1E0C61FA00BF9BFE /* DFTFeedManager.h */ = {isa = PBXFileReference; fileEncoding = 4; lastKnownFileType = sourcecode.c.h; path = DFTFeedManager.h; sourceTree = "<group>"; };
		DDA3C65C1E0C61FA00BF9BFE /* DFTFeedManager.m */ = {isa = PBXFileReference; fileEncoding = 4; lastKnownFileType = sourcecode.c.objc; path = DFTFeedManager.m; sourceTree = "<group>"; };
		DDA3C65E1E0C63BC00BF9BFE /* DFTNetworkClient+DFTDrop.h */ = {isa = PBXFileReference; fileEncoding = 4; lastKnownFileType = sourcecode.c.h; path = "DFTNetworkClient+DFTDrop.h"; sourceTree = "<group>"; };
		DDA3C65F1E0C63BC00BF9BFE /* DFTNetworkClient+DFTDrop.m */ = {isa = PBXFileReference; fileEncoding = 4; lastKnownFileType = sourcecode.c.objc; path = "DFTNetworkClient+DFTDrop.m"; sourceTree = "<group>"; };
		DDA59A431DD3DACB000B942B /* Drift.app */ = {isa = PBXFileReference; explicitFileType = wrapper.application; includeInIndex = 0; path = Drift.app; sourceTree = BUILT_PRODUCTS_DIR; };
		DDA59A471DD3DACB000B942B /* main.m */ = {isa = PBXFileReference; lastKnownFileType = sourcecode.c.objc; path = main.m; sourceTree = "<group>"; };
		DDA59A491DD3DACB000B942B /* DFTAppDelegate.h */ = {isa = PBXFileReference; lastKnownFileType = sourcecode.c.h; path = DFTAppDelegate.h; sourceTree = "<group>"; };
		DDA59A4A1DD3DACB000B942B /* DFTAppDelegate.m */ = {isa = PBXFileReference; lastKnownFileType = sourcecode.c.objc; path = DFTAppDelegate.m; sourceTree = "<group>"; };
		DDA59A4C1DD3DACB000B942B /* DFTLoginViewController.h */ = {isa = PBXFileReference; lastKnownFileType = sourcecode.c.h; path = DFTLoginViewController.h; sourceTree = "<group>"; };
		DDA59A4D1DD3DACB000B942B /* DFTLoginViewController.m */ = {isa = PBXFileReference; lastKnownFileType = sourcecode.c.objc; path = DFTLoginViewController.m; sourceTree = "<group>"; };
		DDA59A501DD3DACB000B942B /* Base */ = {isa = PBXFileReference; lastKnownFileType = file.storyboard; name = Base; path = Base.lproj/Main.storyboard; sourceTree = "<group>"; };
		DDA59A551DD3DACB000B942B /* Base */ = {isa = PBXFileReference; lastKnownFileType = file.storyboard; name = Base; path = Base.lproj/LaunchScreen.storyboard; sourceTree = "<group>"; };
		DDA59A571DD3DACB000B942B /* Info.plist */ = {isa = PBXFileReference; lastKnownFileType = text.plist.xml; path = Info.plist; sourceTree = "<group>"; };
		DDA59A631DD4E6F4000B942B /* Lato-Black.ttf */ = {isa = PBXFileReference; lastKnownFileType = file; path = "Lato-Black.ttf"; sourceTree = "<group>"; };
		DDA59A641DD4E6F4000B942B /* Lato-BlackItalic.ttf */ = {isa = PBXFileReference; lastKnownFileType = file; path = "Lato-BlackItalic.ttf"; sourceTree = "<group>"; };
		DDA59A651DD4E6F4000B942B /* Lato-Bold.ttf */ = {isa = PBXFileReference; lastKnownFileType = file; path = "Lato-Bold.ttf"; sourceTree = "<group>"; };
		DDA59A661DD4E6F4000B942B /* Lato-BoldItalic.ttf */ = {isa = PBXFileReference; lastKnownFileType = file; path = "Lato-BoldItalic.ttf"; sourceTree = "<group>"; };
		DDA59A671DD4E6F4000B942B /* Lato-Hairline.ttf */ = {isa = PBXFileReference; lastKnownFileType = file; path = "Lato-Hairline.ttf"; sourceTree = "<group>"; };
		DDA59A681DD4E6F4000B942B /* Lato-HairlineItalic.ttf */ = {isa = PBXFileReference; lastKnownFileType = file; path = "Lato-HairlineItalic.ttf"; sourceTree = "<group>"; };
		DDA59A691DD4E6F4000B942B /* Lato-Italic.ttf */ = {isa = PBXFileReference; lastKnownFileType = file; path = "Lato-Italic.ttf"; sourceTree = "<group>"; };
		DDA59A6A1DD4E6F4000B942B /* Lato-LightItalic.ttf */ = {isa = PBXFileReference; lastKnownFileType = file; path = "Lato-LightItalic.ttf"; sourceTree = "<group>"; };
		DDA59A741DD50DF0000B942B /* Notes */ = {isa = PBXFileReference; fileEncoding = 4; lastKnownFileType = text; path = Notes; sourceTree = "<group>"; };
		DDA59A7A1DD51D6A000B942B /* DFTRoundedButton.h */ = {isa = PBXFileReference; fileEncoding = 4; lastKnownFileType = sourcecode.c.h; path = DFTRoundedButton.h; sourceTree = "<group>"; };
		DDA59A7B1DD51D6A000B942B /* DFTRoundedButton.m */ = {isa = PBXFileReference; fileEncoding = 4; lastKnownFileType = sourcecode.c.objc; path = DFTRoundedButton.m; sourceTree = "<group>"; };
		DDA59A7F1DD5202E000B942B /* UIColor+DFTStyles.h */ = {isa = PBXFileReference; fileEncoding = 4; lastKnownFileType = sourcecode.c.h; path = "UIColor+DFTStyles.h"; sourceTree = "<group>"; };
		DDA59A801DD5202E000B942B /* UIColor+DFTStyles.m */ = {isa = PBXFileReference; fileEncoding = 4; lastKnownFileType = sourcecode.c.objc; path = "UIColor+DFTStyles.m"; sourceTree = "<group>"; };
		DDB50F451DDE4E5A00542EAA /* DFTNetworkClient.h */ = {isa = PBXFileReference; fileEncoding = 4; lastKnownFileType = sourcecode.c.h; name = DFTNetworkClient.h; path = ../DFTNetworkClient.h; sourceTree = "<group>"; };
		DDB50F461DDE4E5A00542EAA /* DFTNetworkClient.m */ = {isa = PBXFileReference; fileEncoding = 4; lastKnownFileType = sourcecode.c.objc; name = DFTNetworkClient.m; path = ../DFTNetworkClient.m; sourceTree = "<group>"; };
		DDB50F481DDE542E00542EAA /* NSURL+DFTUtils.h */ = {isa = PBXFileReference; fileEncoding = 4; lastKnownFileType = sourcecode.c.h; path = "NSURL+DFTUtils.h"; sourceTree = "<group>"; };
		DDB50F491DDE542E00542EAA /* NSURL+DFTUtils.m */ = {isa = PBXFileReference; fileEncoding = 4; lastKnownFileType = sourcecode.c.objc; path = "NSURL+DFTUtils.m"; sourceTree = "<group>"; };
		DDB50F4B1DDE569700542EAA /* PcURLRequestFormatter.h */ = {isa = PBXFileReference; fileEncoding = 4; lastKnownFileType = sourcecode.c.h; path = PcURLRequestFormatter.h; sourceTree = "<group>"; };
		DDB50F4C1DDE569700542EAA /* PcURLRequestFormatter.m */ = {isa = PBXFileReference; fileEncoding = 4; lastKnownFileType = sourcecode.c.objc; path = PcURLRequestFormatter.m; sourceTree = "<group>"; };
		DDB50F4E1DDE5F4D00542EAA /* DFTSessionManager.h */ = {isa = PBXFileReference; fileEncoding = 4; lastKnownFileType = sourcecode.c.h; path = DFTSessionManager.h; sourceTree = "<group>"; };
		DDB50F4F1DDE5F4D00542EAA /* DFTSessionManager.m */ = {isa = PBXFileReference; fileEncoding = 4; lastKnownFileType = sourcecode.c.objc; path = DFTSessionManager.m; sourceTree = "<group>"; };
		DDB50F511DDE60F300542EAA /* DFTManagerConstants.m */ = {isa = PBXFileReference; fileEncoding = 4; lastKnownFileType = sourcecode.c.objc; path = DFTManagerConstants.m; sourceTree = "<group>"; };
		DDB50F521DDE60F300542EAA /* DFTManagerConstants.h */ = {isa = PBXFileReference; fileEncoding = 4; lastKnownFileType = sourcecode.c.h; path = DFTManagerConstants.h; sourceTree = "<group>"; };
		DDD6A0B21DE7972F00FF9741 /* DFTDrop.h */ = {isa = PBXFileReference; fileEncoding = 4; lastKnownFileType = sourcecode.c.h; path = DFTDrop.h; sourceTree = "<group>"; };
		DDD6A0B31DE7972F00FF9741 /* DFTDrop.m */ = {isa = PBXFileReference; fileEncoding = 4; lastKnownFileType = sourcecode.c.objc; path = DFTDrop.m; sourceTree = "<group>"; };
		DDD6A0B71DE99A7200FF9741 /* DFTGlobalFeedViewController.h */ = {isa = PBXFileReference; fileEncoding = 4; lastKnownFileType = sourcecode.c.h; path = DFTGlobalFeedViewController.h; sourceTree = "<group>"; };
		DDD6A0B81DE99A7200FF9741 /* DFTGlobalFeedViewController.m */ = {isa = PBXFileReference; fileEncoding = 4; lastKnownFileType = sourcecode.c.objc; path = DFTGlobalFeedViewController.m; sourceTree = "<group>"; };
		DDD6A0BA1DE9AF5F00FF9741 /* DFTFeedCollectionViewLayout.h */ = {isa = PBXFileReference; fileEncoding = 4; lastKnownFileType = sourcecode.c.h; path = DFTFeedCollectionViewLayout.h; sourceTree = "<group>"; };
		DDD6A0BB1DE9AF5F00FF9741 /* DFTFeedCollectionViewLayout.m */ = {isa = PBXFileReference; fileEncoding = 4; lastKnownFileType = sourcecode.c.objc; path = DFTFeedCollectionViewLayout.m; sourceTree = "<group>"; };
		DDD6A0BF1DE9F4D400FF9741 /* DFTFeedCell.h */ = {isa = PBXFileReference; fileEncoding = 4; lastKnownFileType = sourcecode.c.h; path = DFTFeedCell.h; sourceTree = "<group>"; };
		DDD6A0C01DE9F4D400FF9741 /* DFTFeedCell.m */ = {isa = PBXFileReference; fileEncoding = 4; lastKnownFileType = sourcecode.c.objc; path = DFTFeedCell.m; sourceTree = "<group>"; };
		DDD6A0C21DE9F57900FF9741 /* DFTFeedCell.xib */ = {isa = PBXFileReference; fileEncoding = 4; lastKnownFileType = file.xib; path = DFTFeedCell.xib; sourceTree = "<group>"; };
		DDDD04541E638CF0003DE070 /* DFTDriftViewController.h */ = {isa = PBXFileReference; fileEncoding = 4; lastKnownFileType = sourcecode.c.h; path = DFTDriftViewController.h; sourceTree = "<group>"; };
		DDDD04551E638CF0003DE070 /* DFTDriftViewController.m */ = {isa = PBXFileReference; fileEncoding = 4; lastKnownFileType = sourcecode.c.objc; path = DFTDriftViewController.m; sourceTree = "<group>"; };
		DDE840D71E6CAC1600B18B0C /* DFTDropFormManager.h */ = {isa = PBXFileReference; fileEncoding = 4; lastKnownFileType = sourcecode.c.h; path = DFTDropFormManager.h; sourceTree = "<group>"; };
		DDE840D81E6CAC1600B18B0C /* DFTDropFormManager.m */ = {isa = PBXFileReference; fileEncoding = 4; lastKnownFileType = sourcecode.c.objc; path = DFTDropFormManager.m; sourceTree = "<group>"; };
		DDFB79D31E9EAFF90022000B /* DFTProfileMostLikedView.h */ = {isa = PBXFileReference; fileEncoding = 4; lastKnownFileType = sourcecode.c.h; path = DFTProfileMostLikedView.h; sourceTree = "<group>"; };
		DDFB79D41E9EAFF90022000B /* DFTProfileMostLikedView.m */ = {isa = PBXFileReference; fileEncoding = 4; lastKnownFileType = sourcecode.c.objc; path = DFTProfileMostLikedView.m; sourceTree = "<group>"; };
		DDFB79D61E9EB0050022000B /* DFTProfileMostLikedView.xib */ = {isa = PBXFileReference; fileEncoding = 4; lastKnownFileType = file.xib; path = DFTProfileMostLikedView.xib; sourceTree = "<group>"; };
		DDFB79D91E9ED0B40022000B /* DFTProfileStatCellCollectionViewCell.h */ = {isa = PBXFileReference; fileEncoding = 4; lastKnownFileType = sourcecode.c.h; path = DFTProfileStatCellCollectionViewCell.h; sourceTree = "<group>"; };
		DDFB79DA1E9ED0B40022000B /* DFTProfileStatCellCollectionViewCell.m */ = {isa = PBXFileReference; fileEncoding = 4; lastKnownFileType = sourcecode.c.objc; path = DFTProfileStatCellCollectionViewCell.m; sourceTree = "<group>"; };
		DDFB79DC1EA281460022000B /* DFTRadialGradientLayer.h */ = {isa = PBXFileReference; fileEncoding = 4; lastKnownFileType = sourcecode.c.h; path = DFTRadialGradientLayer.h; sourceTree = "<group>"; };
		DDFB79DD1EA281460022000B /* DFTRadialGradientLayer.m */ = {isa = PBXFileReference; fileEncoding = 4; lastKnownFileType = sourcecode.c.objc; path = DFTRadialGradientLayer.m; sourceTree = "<group>"; };
		DDFB79E01EA28B8B0022000B /* square.json */ = {isa = PBXFileReference; fileEncoding = 4; lastKnownFileType = text.json; path = square.json; sourceTree = "<group>"; };
		EB8DFD641E966AFF00BAB187 /* DFT-Prefix.pch */ = {isa = PBXFileReference; lastKnownFileType = sourcecode.c.h; path = "DFT-Prefix.pch"; sourceTree = "<group>"; };
		EBC274251E9BA5ED006D20F4 /* en */ = {isa = PBXFileReference; lastKnownFileType = text.plist.strings; name = en; path = en.lproj/Localizable.strings; sourceTree = "<group>"; };
		EBC274271E9BA5F6006D20F4 /* fr */ = {isa = PBXFileReference; lastKnownFileType = text.plist.strings; name = fr; path = fr.lproj/Localizable.strings; sourceTree = "<group>"; };
		EBEEEB201E9BD39900F0147A /* ImageUtils.h */ = {isa = PBXFileReference; fileEncoding = 4; lastKnownFileType = sourcecode.c.h; name = ImageUtils.h; path = utils/ImageUtils.h; sourceTree = "<group>"; };
		EBEEEB211E9BD39900F0147A /* ImageUtils.m */ = {isa = PBXFileReference; fileEncoding = 4; lastKnownFileType = sourcecode.c.objc; name = ImageUtils.m; path = utils/ImageUtils.m; sourceTree = "<group>"; };
		F802EDC41987F133802A1305 /* libPods-Drift.a */ = {isa = PBXFileReference; explicitFileType = archive.ar; includeInIndex = 0; path = "libPods-Drift.a"; sourceTree = BUILT_PRODUCTS_DIR; };
/* End PBXFileReference section */

/* Begin PBXFrameworksBuildPhase section */
		DDA59A401DD3DACB000B942B /* Frameworks */ = {
			isa = PBXFrameworksBuildPhase;
			buildActionMask = 2147483647;
			files = (
				32A4D11679D1C0E53A9F419D /* libPods-Drift.a in Frameworks */,
			);
			runOnlyForDeploymentPostprocessing = 0;
		};
/* End PBXFrameworksBuildPhase section */

/* Begin PBXGroup section */
		092317CD1E5CF0A60043838D /* Gotham */ = {
			isa = PBXGroup;
			children = (
				09DAA0401E678DEC00E92A1F /* Bold */,
				092317D11E5CF0A60043838D /* Book */,
				092317D41E5CF0A60043838D /* Light */,
				092317D71E5CF0A60043838D /* Medium */,
				092317DA1E5CF0A60043838D /* Rounded */,
				092317E31E5CF0A70043838D /* Thin */,
			);
			name = Gotham;
			path = Fonts/Gotham;
			sourceTree = "<group>";
		};
		092317D11E5CF0A60043838D /* Book */ = {
			isa = PBXGroup;
			children = (
				092317D21E5CF0A60043838D /* GOTHMBOK.TTF */,
				092317D31E5CF0A60043838D /* GOTHMZIT.TTF */,
			);
			path = Book;
			sourceTree = "<group>";
		};
		092317D41E5CF0A60043838D /* Light */ = {
			isa = PBXGroup;
			children = (
				092317D51E5CF0A60043838D /* GOTHMLIG.TTF */,
				092317D61E5CF0A60043838D /* GOTHMLIT.TTF */,
			);
			path = Light;
			sourceTree = "<group>";
		};
		092317D71E5CF0A60043838D /* Medium */ = {
			isa = PBXGroup;
			children = (
				092317D81E5CF0A60043838D /* GOTHMMED.TTF */,
				092317D91E5CF0A60043838D /* GOTHMMIT.TTF */,
			);
			path = Medium;
			sourceTree = "<group>";
		};
		092317DA1E5CF0A60043838D /* Rounded */ = {
			isa = PBXGroup;
			children = (
				092317DB1E5CF0A60043838D /* GothamRnd-Bold.otf */,
				092317DC1E5CF0A70043838D /* GothamRnd-BoldIta.otf */,
				092317DD1E5CF0A70043838D /* GothamRnd-Book.otf */,
				092317DE1E5CF0A70043838D /* GothamRnd-BookIta.otf */,
				092317DF1E5CF0A70043838D /* GothamRnd-Light.otf */,
				092317E01E5CF0A70043838D /* GothamRnd-LightIta.otf */,
				092317E11E5CF0A70043838D /* GothamRnd-MedIta.otf */,
				092317E21E5CF0A70043838D /* GothamRnd-Medium.otf */,
			);
			path = Rounded;
			sourceTree = "<group>";
		};
		092317E31E5CF0A70043838D /* Thin */ = {
			isa = PBXGroup;
			children = (
				092317E41E5CF0A70043838D /* GOTHMTHI.TTF */,
				092317E51E5CF0A70043838D /* GOTHMTIT.TTF */,
			);
			path = Thin;
			sourceTree = "<group>";
		};
		09DAA03F1E67827100E92A1F /* Children */ = {
			isa = PBXGroup;
			children = (
				DDD6A0B71DE99A7200FF9741 /* DFTGlobalFeedViewController.h */,
				DDD6A0B81DE99A7200FF9741 /* DFTGlobalFeedViewController.m */,
				DD45C9A41E28219C00ED3E20 /* DFTInnerFeedViewController.h */,
				DD45C9A51E28219C00ED3E20 /* DFTInnerFeedViewController.m */,
				DD45C9A71E2821AE00ED3E20 /* DFTCollectionFeedViewController.h */,
				DD45C9A81E2821AE00ED3E20 /* DFTCollectionFeedViewController.m */,
			);
			name = Children;
			sourceTree = "<group>";
		};
		09DAA0401E678DEC00E92A1F /* Bold */ = {
			isa = PBXGroup;
			children = (
				09DAA0411E678DEC00E92A1F /* GOTHMBIT.TTF */,
				09DAA0421E678DEC00E92A1F /* GOTHMBOL.TTF */,
			);
			path = Bold;
			sourceTree = "<group>";
		};
		2B9E2CF2ED71A52B629504A2 /* Frameworks */ = {
			isa = PBXGroup;
			children = (
				F802EDC41987F133802A1305 /* libPods-Drift.a */,
			);
			name = Frameworks;
			sourceTree = "<group>";
		};
		BDD3DB181E9583F000D5D05B /* Layer */ = {
			isa = PBXGroup;
			children = (
				DDD6A0BA1DE9AF5F00FF9741 /* DFTFeedCollectionViewLayout.h */,
				DDD6A0BB1DE9AF5F00FF9741 /* DFTFeedCollectionViewLayout.m */,
			);
			name = Layer;
			sourceTree = "<group>";
		};
		BDD3DB191E9583F800D5D05B /* Delegate */ = {
			isa = PBXGroup;
			children = (
				DD3B99AA1E15AB4F0098208F /* DFTMapboxDelegate.h */,
				DD3B99AB1E15AB4F0098208F /* DFTMapboxDelegate.m */,
			);
			name = Delegate;
			sourceTree = "<group>";
		};
		DD2CE5671E5CE0D400204E64 /* Delegates */ = {
			isa = PBXGroup;
			children = (
				DD2CE5681E5CE15100204E64 /* DFTFirstSectionLayout.h */,
				DD2CE5691E5CE15100204E64 /* DFTFirstSectionLayout.m */,
				DD34C85B1E61E955003853D6 /* DFTFormRowTableViewDelegate.h */,
				DD34C85C1E61E955003853D6 /* DFTFormRowTableViewDelegate.m */,
			);
			name = Delegates;
			sourceTree = "<group>";
		};
		DD34C85E1E61EA7F003853D6 /* TableViews */ = {
			isa = PBXGroup;
			children = (
				DD34C85F1E61EB57003853D6 /* DFTAddDropContentTableView.h */,
				DD34C8601E61EB57003853D6 /* DFTAddDropContentTableView.m */,
				DD34C8621E61EC1B003853D6 /* DFTAddDropSettingsTableView.h */,
				DD34C8631E61EC1B003853D6 /* DFTAddDropSettingsTableView.m */,
				BDECA59E1EA52438008C5335 /* DFTOptionTableViewCell.h */,
				BDECA59F1EA52438008C5335 /* DFTOptionTableViewCell.m */,
				DD9C1B871F1A48F400567C20 /* DFTMiniOptionCell.h */,
				DD9C1B881F1A48F400567C20 /* DFTMiniOptionCell.m */,
				DD9C1B891F1A48F400567C20 /* DFTMiniOptionCell.xib */,
			);
			name = TableViews;
			sourceTree = "<group>";
		};
		DD34C8651E620B8A003853D6 /* Drop */ = {
			isa = PBXGroup;
			children = (
				DD34C8661E620BA5003853D6 /* DFTAddDropStepCell.h */,
				DD34C8671E620BA5003853D6 /* DFTAddDropStepCell.m */,
				DD34C86A1E624495003853D6 /* DFTAddDropContentCell.h */,
				DD34C86B1E624495003853D6 /* DFTAddDropContentCell.m */,
				DD4AB00F1F112C3E00A9098A /* DFTUserGroupCell.h */,
				DD4AB0101F112C3E00A9098A /* DFTUserGroupCell.m */,
				DD4AB0111F112C3E00A9098A /* DFTUserGroupCell.xib */,
			);
			name = Drop;
			sourceTree = "<group>";
		};
		DD4D6D6A1E3159DF00E3605A /* Controls */ = {
			isa = PBXGroup;
			children = (
				DD4D6D6B1E3159FA00E3605A /* DFTJellyButton.h */,
				DD4D6D6C1E3159FA00E3605A /* DFTJellyButton.m */,
				DD4D6D6E1E315A0700E3605A /* DFTJellyTrigger.h */,
				DD4D6D6F1E315A0700E3605A /* DFTJellyTrigger.m */,
			);
			name = Controls;
			sourceTree = "<group>";
		};
		DD4D6D741E369D5D00E3605A /* VLDContextSheet */ = {
			isa = PBXGroup;
			children = (
				DD4D6D751E369D5D00E3605A /* VLDContextSheet.h */,
				DD4D6D761E369D5D00E3605A /* VLDContextSheet.m */,
				DD4D6D771E369D5D00E3605A /* VLDContextSheetItem.h */,
				DD4D6D781E369D5D00E3605A /* VLDContextSheetItem.m */,
				DD4D6D791E369D5D00E3605A /* VLDContextSheetItemView.h */,
				DD4D6D7A1E369D5D00E3605A /* VLDContextSheetItemView.m */,
			);
			path = VLDContextSheet;
			sourceTree = "<group>";
		};
		DD4D6D7E1E369D7100E3605A /* Drop */ = {
			isa = PBXGroup;
			children = (
				DD34C85E1E61EA7F003853D6 /* TableViews */,
				DD2CE5671E5CE0D400204E64 /* Delegates */,
				DD4D6D671E3150D600E3605A /* DFTDropViewController.h */,
				DD4D6D681E3150D600E3605A /* DFTDropViewController.m */,
				DD2CE5641E57960A00204E64 /* DFTAddDropViewController.h */,
				DD2CE5651E57960A00204E64 /* DFTAddDropViewController.m */,
				DD844CEF1EE1F38E0068B9CE /* DFTDropFormViewController.h */,
				DD844CF01EE1F38E0068B9CE /* DFTDropFormViewController.m */,
				DD7EF3281EF9BE240079A816 /* DFTDropFormViewController+DFTDropFormCamera.h */,
				DD7EF3291EF9BE240079A816 /* DFTDropFormViewController+DFTDropFormCamera.m */,
				BD4C62931EA569BD0089B7A3 /* DFTOpenedDropViewController.h */,
				BD4C62941EA569BD0089B7A3 /* DFTOpenedDropViewController.m */,
				DD54E3BA1EA53BA9007EE21A /* DFTDropSignalViewController.h */,
				DD54E3BB1EA53BA9007EE21A /* DFTDropSignalViewController.m */,
			);
			name = Drop;
			sourceTree = "<group>";
		};
		DD7544C91E9583ED002AEC38 /* Profile */ = {
			isa = PBXGroup;
			children = (
				DD7544CA1E958415002AEC38 /* DFTProfileViewController.h */,
				DD7544CB1E958415002AEC38 /* DFTProfileViewController.m */,
			);
			name = Profile;
			sourceTree = "<group>";
		};
		DD844CF21EE1FB7B0068B9CE /* Containers */ = {
			isa = PBXGroup;
			children = (
				DD844CF31EE1FBB30068B9CE /* DFTDropFormFirstStepView.h */,
				DD844CF41EE1FBB30068B9CE /* DFTDropFormFirstStepView.m */,
			);
			name = Containers;
			sourceTree = "<group>";
		};
		DDA59A3A1DD3DACB000B942B = {
			isa = PBXGroup;
			children = (
				DD7544C71E89F8A0002AEC38 /* BPI.gpx */,
				DD4D6D741E369D5D00E3605A /* VLDContextSheet */,
				DDA59A451DD3DACB000B942B /* Drift */,
				DDA59A441DD3DACB000B942B /* Products */,
				E39777A022B105FAD49548B9 /* Pods */,
				2B9E2CF2ED71A52B629504A2 /* Frameworks */,
			);
			sourceTree = "<group>";
		};
		DDA59A441DD3DACB000B942B /* Products */ = {
			isa = PBXGroup;
			children = (
				DDA59A431DD3DACB000B942B /* Drift.app */,
			);
			name = Products;
			sourceTree = "<group>";
		};
		DDA59A451DD3DACB000B942B /* Drift */ = {
			isa = PBXGroup;
			children = (
				DDA59A491DD3DACB000B942B /* DFTAppDelegate.h */,
				DDA59A4A1DD3DACB000B942B /* DFTAppDelegate.m */,
				DDD6A0B01DE7971000FF9741 /* Models */,
				DDA59A771DD51A7F000B942B /* Controllers */,
				DDA59A761DD51A6E000B942B /* Views */,
				DDA59A5F1DD4E6D6000B942B /* Resources */,
				DDA59A461DD3DACB000B942B /* Supporting Files */,
			);
			path = Drift;
			sourceTree = "<group>";
		};
		DDA59A461DD3DACB000B942B /* Supporting Files */ = {
			isa = PBXGroup;
			children = (
				EB8DFD641E966AFF00BAB187 /* DFT-Prefix.pch */,
				DDA59A571DD3DACB000B942B /* Info.plist */,
				DDA59A471DD3DACB000B942B /* main.m */,
				DDA59A741DD50DF0000B942B /* Notes */,
				EBC274261E9BA5ED006D20F4 /* Localizable.strings */,
			);
			name = "Supporting Files";
			sourceTree = "<group>";
		};
		DDA59A5F1DD4E6D6000B942B /* Resources */ = {
			isa = PBXGroup;
			children = (
				DDFB79DF1EA28B7C0022000B /* Animation JSONs */,
				BD9C943F1EA4B42B000CDF6B /* Images.xcassets */,
				DDA59A601DD4E6E6000B942B /* Fonts */,
			);
			name = Resources;
			sourceTree = "<group>";
		};
		DDA59A601DD4E6E6000B942B /* Fonts */ = {
			isa = PBXGroup;
			children = (
				092317CD1E5CF0A60043838D /* Gotham */,
				DDA59A611DD4E6F4000B942B /* Lato */,
			);
			name = Fonts;
			sourceTree = "<group>";
		};
		DDA59A611DD4E6F4000B942B /* Lato */ = {
			isa = PBXGroup;
			children = (
				DDA59A631DD4E6F4000B942B /* Lato-Black.ttf */,
				DDA59A641DD4E6F4000B942B /* Lato-BlackItalic.ttf */,
				DDA59A651DD4E6F4000B942B /* Lato-Bold.ttf */,
				DDA59A661DD4E6F4000B942B /* Lato-BoldItalic.ttf */,
				DDA59A671DD4E6F4000B942B /* Lato-Hairline.ttf */,
				DDA59A681DD4E6F4000B942B /* Lato-HairlineItalic.ttf */,
				DDA59A691DD4E6F4000B942B /* Lato-Italic.ttf */,
				DDA59A6A1DD4E6F4000B942B /* Lato-LightItalic.ttf */,
			);
			path = Lato;
			sourceTree = "<group>";
		};
		DDA59A761DD51A6E000B942B /* Views */ = {
			isa = PBXGroup;
			children = (
				DD844CF21EE1FB7B0068B9CE /* Containers */,
				DD4D6D6A1E3159DF00E3605A /* Controls */,
				DDD6A0BD1DE9F4A000FF9741 /* Cells */,
				DDA59A7E1DD51F89000B942B /* Utils */,
				DDA59A791DD51ABA000B942B /* Custom views */,
				DDA59A7D1DD51F80000B942B /* Storyboards */,
				DDFB79D31E9EAFF90022000B /* DFTProfileMostLikedView.h */,
				DDFB79D61E9EB0050022000B /* DFTProfileMostLikedView.xib */,
				DDFB79D41E9EAFF90022000B /* DFTProfileMostLikedView.m */,
			);
			name = Views;
			sourceTree = "<group>";
		};
		DDA59A771DD51A7F000B942B /* Controllers */ = {
			isa = PBXGroup;
			children = (
				DD7544C91E9583ED002AEC38 /* Profile */,
				DDA59A781DD51AAD000B942B /* Login */,
				DDD6A0C41DEA012E00FF9741 /* Feed */,
				DDDD04531E638CDB003DE070 /* Drift */,
				DD4D6D7E1E369D7100E3605A /* Drop */,
				DD4D6D711E315C4400E3605A /* DFTTabBarController.h */,
				DD4D6D721E315C4400E3605A /* DFTTabBarController.m */,
			);
			name = Controllers;
			sourceTree = "<group>";
		};
		DDA59A781DD51AAD000B942B /* Login */ = {
			isa = PBXGroup;
			children = (
				DDA59A4C1DD3DACB000B942B /* DFTLoginViewController.h */,
				DDA59A4D1DD3DACB000B942B /* DFTLoginViewController.m */,
			);
			name = Login;
			sourceTree = "<group>";
		};
		DDA59A791DD51ABA000B942B /* Custom views */ = {
			isa = PBXGroup;
			children = (
				DDA59A7A1DD51D6A000B942B /* DFTRoundedButton.h */,
				DDA59A7B1DD51D6A000B942B /* DFTRoundedButton.m */,
				DD4A07701E3FD39B00E4CF95 /* DFTScrollView.h */,
				DD4A07711E3FD39B00E4CF95 /* DFTScrollView.m */,
				DD4A07731E42790800E4CF95 /* DFTCollectionView.h */,
				DD4A07741E42790800E4CF95 /* DFTCollectionView.m */,
				09DAA0451E68D3FD00E92A1F /* DFTSegmentedControl.h */,
				09DAA0461E68D3FD00E92A1F /* DFTSegmentedControl.m */,
				09954DDB1E6AE53100C3794D /* DFTSegmentedControl.xib */,
				DDFB79DC1EA281460022000B /* DFTRadialGradientLayer.h */,
				DDFB79DD1EA281460022000B /* DFTRadialGradientLayer.m */,
			);
			name = "Custom views";
			sourceTree = "<group>";
		};
		DDA59A7D1DD51F80000B942B /* Storyboards */ = {
			isa = PBXGroup;
			children = (
				DDA59A4F1DD3DACB000B942B /* Main.storyboard */,
				DDA59A541DD3DACB000B942B /* LaunchScreen.storyboard */,
			);
			name = Storyboards;
			sourceTree = "<group>";
		};
		DDA59A7E1DD51F89000B942B /* Utils */ = {
			isa = PBXGroup;
			children = (
				DDA59A7F1DD5202E000B942B /* UIColor+DFTStyles.h */,
				DDA59A801DD5202E000B942B /* UIColor+DFTStyles.m */,
				DD3B99B51E214FD40098208F /* UIFont+Drift.h */,
				DD3B99B61E214FD40098208F /* UIFont+Drift.m */,
				EBEEEB201E9BD39900F0147A /* ImageUtils.h */,
				EBEEEB211E9BD39900F0147A /* ImageUtils.m */,
				BD5D2DA51EA81142007F782D /* MathUtils.h */,
				BD5D2DA61EA81142007F782D /* MathUtils.m */,
			);
			name = Utils;
			sourceTree = "<group>";
		};
		DDD6A0B01DE7971000FF9741 /* Models */ = {
			isa = PBXGroup;
			children = (
				DDD6A0B61DE995C200FF9741 /* Managers */,
				DDD6A0B51DE995A000FF9741 /* Network */,
				DDD6A0B11DE7971900FF9741 /* Data-Models */,
			);
			name = Models;
			sourceTree = "<group>";
		};
		DDD6A0B11DE7971900FF9741 /* Data-Models */ = {
			isa = PBXGroup;
			children = (
				DDD6A0B21DE7972F00FF9741 /* DFTDrop.h */,
				DDD6A0B31DE7972F00FF9741 /* DFTDrop.m */,
				DD3D903F1DF3268200B8A6CF /* DFTUser.h */,
				DD3D90401DF3268200B8A6CF /* DFTUser.m */,
				DD3D90421DF32F6900B8A6CF /* DFTObject.h */,
				DD3D90431DF32F6900B8A6CF /* DFTObject.m */,
			);
			name = "Data-Models";
			sourceTree = "<group>";
		};
		DDD6A0B51DE995A000FF9741 /* Network */ = {
			isa = PBXGroup;
			children = (
				DDB50F451DDE4E5A00542EAA /* DFTNetworkClient.h */,
				DDB50F461DDE4E5A00542EAA /* DFTNetworkClient.m */,
				DD3D903C1DF3259100B8A6CF /* DFTNetworkClient+DFTUser.h */,
				DD3D903D1DF3259100B8A6CF /* DFTNetworkClient+DFTUser.m */,
				DDB50F481DDE542E00542EAA /* NSURL+DFTUtils.h */,
				DDB50F491DDE542E00542EAA /* NSURL+DFTUtils.m */,
				DDB50F4B1DDE569700542EAA /* PcURLRequestFormatter.h */,
				DDB50F4C1DDE569700542EAA /* PcURLRequestFormatter.m */,
				DDA3C65E1E0C63BC00BF9BFE /* DFTNetworkClient+DFTDrop.h */,
				DDA3C65F1E0C63BC00BF9BFE /* DFTNetworkClient+DFTDrop.m */,
			);
			name = Network;
			sourceTree = "<group>";
		};
		DDD6A0B61DE995C200FF9741 /* Managers */ = {
			isa = PBXGroup;
			children = (
				DD90899C1E661DC000737B33 /* DFTMapManager.h */,
				DD90899D1E661DC000737B33 /* DFTMapManager.m */,
				DDB50F4E1DDE5F4D00542EAA /* DFTSessionManager.h */,
				DDB50F4F1DDE5F4D00542EAA /* DFTSessionManager.m */,
				DDB50F521DDE60F300542EAA /* DFTManagerConstants.h */,
				DDB50F511DDE60F300542EAA /* DFTManagerConstants.m */,
				DD3D90451DF8A7EA00B8A6CF /* DFTUserManager.h */,
				DD3D90461DF8A7EA00B8A6CF /* DFTUserManager.m */,
				DDA3C65B1E0C61FA00BF9BFE /* DFTFeedManager.h */,
				DDA3C65C1E0C61FA00BF9BFE /* DFTFeedManager.m */,
				DDE840D71E6CAC1600B18B0C /* DFTDropFormManager.h */,
				DDE840D81E6CAC1600B18B0C /* DFTDropFormManager.m */,
				DD36B8111F0C3758007FE477 /* DFTDropManager.h */,
				DD36B8121F0C3758007FE477 /* DFTDropManager.m */,
			);
			name = Managers;
			sourceTree = "<group>";
		};
		DDD6A0BD1DE9F4A000FF9741 /* Cells */ = {
			isa = PBXGroup;
			children = (
				DDFB79D81E9ECD620022000B /* Profile */,
				DD34C8651E620B8A003853D6 /* Drop */,
				DDD6A0BE1DE9F4AC00FF9741 /* Feed */,
			);
			name = Cells;
			sourceTree = "<group>";
		};
		DDD6A0BE1DE9F4AC00FF9741 /* Feed */ = {
			isa = PBXGroup;
			children = (
				DDD6A0BF1DE9F4D400FF9741 /* DFTFeedCell.h */,
				DDD6A0C01DE9F4D400FF9741 /* DFTFeedCell.m */,
				DDD6A0C21DE9F57900FF9741 /* DFTFeedCell.xib */,
				DD4A076B1E3FCACD00E4CF95 /* DFTInnerFeedCell.h */,
				DD4A076C1E3FCACD00E4CF95 /* DFTInnerFeedCell.m */,
				093736AC1E8800C9004C1226 /* DFTInnerFeedCell.xib */,
				DD3B9A0B1E258BDA0098208F /* DFTFeedHeaderView.h */,
				DD3B9A0C1E258BDA0098208F /* DFTFeedHeaderView.m */,
				09A97CD61E64E11100381FB2 /* DFTCollectionFeedCell.h */,
				09A97CD71E64E11100381FB2 /* DFTCollectionFeedCell.m */,
			);
			name = Feed;
			sourceTree = "<group>";
		};
		DDD6A0C41DEA012E00FF9741 /* Feed */ = {
			isa = PBXGroup;
			children = (
				09DAA03F1E67827100E92A1F /* Children */,
				BDD3DB181E9583F000D5D05B /* Layer */,
				BDD3DB191E9583F800D5D05B /* Delegate */,
				DD45C9A11E2594B700ED3E20 /* DFTFeedContainerViewController.h */,
				DD45C9A21E2594B700ED3E20 /* DFTFeedContainerViewController.m */,
				09DAA03C1E67826C00E92A1F /* DFTFeedViewController.h */,
				09DAA03D1E67826C00E92A1F /* DFTFeedViewController.m */,
			);
			name = Feed;
			sourceTree = "<group>";
		};
		DDDD04531E638CDB003DE070 /* Drift */ = {
			isa = PBXGroup;
			children = (
				DDDD04541E638CF0003DE070 /* DFTDriftViewController.h */,
				DDDD04551E638CF0003DE070 /* DFTDriftViewController.m */,
			);
			name = Drift;
			sourceTree = "<group>";
		};
		DDFB79D81E9ECD620022000B /* Profile */ = {
			isa = PBXGroup;
			children = (
				DDFB79D91E9ED0B40022000B /* DFTProfileStatCellCollectionViewCell.h */,
				DDFB79DA1E9ED0B40022000B /* DFTProfileStatCellCollectionViewCell.m */,
			);
			name = Profile;
			sourceTree = "<group>";
		};
		DDFB79DF1EA28B7C0022000B /* Animation JSONs */ = {
			isa = PBXGroup;
			children = (
				DDFB79E01EA28B8B0022000B /* square.json */,
			);
			name = "Animation JSONs";
			sourceTree = "<group>";
		};
		E39777A022B105FAD49548B9 /* Pods */ = {
			isa = PBXGroup;
			children = (
				D8B6FEE01483E9DFBF0A2D45 /* Pods-Drift.debug.xcconfig */,
				A463E86E3572A14BB7C00F0B /* Pods-Drift.release.xcconfig */,
			);
			name = Pods;
			sourceTree = "<group>";
		};
/* End PBXGroup section */

/* Begin PBXNativeTarget section */
		DDA59A421DD3DACB000B942B /* Drift */ = {
			isa = PBXNativeTarget;
			buildConfigurationList = DDA59A5A1DD3DACB000B942B /* Build configuration list for PBXNativeTarget "Drift" */;
			buildPhases = (
				8398ED8DA72B419C8FF7CCCA /* [CP] Check Pods Manifest.lock */,
				DDA59A3F1DD3DACB000B942B /* Sources */,
				DDA59A401DD3DACB000B942B /* Frameworks */,
				DDA59A411DD3DACB000B942B /* Resources */,
				575E70C569346C48752EDEF0 /* [CP] Embed Pods Frameworks */,
				FA9FB805DA71B1CDA45B2D86 /* [CP] Copy Pods Resources */,
			);
			buildRules = (
			);
			dependencies = (
			);
			name = Drift;
			productName = Drift;
			productReference = DDA59A431DD3DACB000B942B /* Drift.app */;
			productType = "com.apple.product-type.application";
		};
/* End PBXNativeTarget section */

/* Begin PBXProject section */
		DDA59A3B1DD3DACB000B942B /* Project object */ = {
			isa = PBXProject;
			attributes = {
				LastUpgradeCheck = 0830;
				ORGANIZATIONNAME = "Thierry Ng";
				TargetAttributes = {
					DDA59A421DD3DACB000B942B = {
						CreatedOnToolsVersion = 7.2.1;
						DevelopmentTeam = RA9388UXZ8;
						ProvisioningStyle = Automatic;
					};
				};
			};
			buildConfigurationList = DDA59A3E1DD3DACB000B942B /* Build configuration list for PBXProject "Drift" */;
			compatibilityVersion = "Xcode 3.2";
			developmentRegion = English;
			hasScannedForEncodings = 0;
			knownRegions = (
				en,
				Base,
				fr,
			);
			mainGroup = DDA59A3A1DD3DACB000B942B;
			productRefGroup = DDA59A441DD3DACB000B942B /* Products */;
			projectDirPath = "";
			projectRoot = "";
			targets = (
				DDA59A421DD3DACB000B942B /* Drift */,
			);
		};
/* End PBXProject section */

/* Begin PBXResourcesBuildPhase section */
		DDA59A411DD3DACB000B942B /* Resources */ = {
			isa = PBXResourcesBuildPhase;
			buildActionMask = 2147483647;
			files = (
				DDA59A6E1DD4E6F4000B942B /* Lato-Bold.ttf in Resources */,
				DD4AB0131F112C3E00A9098A /* DFTUserGroupCell.xib in Resources */,
				092317EE1E5CF0A70043838D /* GothamRnd-Bold.otf in Resources */,
				DDD6A0C31DE9F57900FF9741 /* DFTFeedCell.xib in Resources */,
				09954DDC1E6AE53100C3794D /* DFTSegmentedControl.xib in Resources */,
				093736AD1E8800C9004C1226 /* DFTInnerFeedCell.xib in Resources */,
				092317F61E5CF0A70043838D /* GOTHMTHI.TTF in Resources */,
				092317EF1E5CF0A70043838D /* GothamRnd-BoldIta.otf in Resources */,
				BD9C94401EA4B42B000CDF6B /* Images.xcassets in Resources */,
				09DAA0441E678DEC00E92A1F /* GOTHMBOL.TTF in Resources */,
				09DAA0431E678DEC00E92A1F /* GOTHMBIT.TTF in Resources */,
				EBC274241E9BA5ED006D20F4 /* Localizable.strings in Resources */,
				DD9C1B8B1F1A48F400567C20 /* DFTMiniOptionCell.xib in Resources */,
				092317EC1E5CF0A70043838D /* GOTHMMED.TTF in Resources */,
				DDA59A711DD4E6F4000B942B /* Lato-HairlineItalic.ttf in Resources */,
				092317E81E5CF0A70043838D /* GOTHMBOK.TTF in Resources */,
				DDFB79D71E9EB0050022000B /* DFTProfileMostLikedView.xib in Resources */,
				092317F11E5CF0A70043838D /* GothamRnd-BookIta.otf in Resources */,
				092317F01E5CF0A70043838D /* GothamRnd-Book.otf in Resources */,
				092317E91E5CF0A70043838D /* GOTHMZIT.TTF in Resources */,
				092317F31E5CF0A70043838D /* GothamRnd-LightIta.otf in Resources */,
				092317F51E5CF0A70043838D /* GothamRnd-Medium.otf in Resources */,
				DDA59A561DD3DACB000B942B /* LaunchScreen.storyboard in Resources */,
				092317F21E5CF0A70043838D /* GothamRnd-Light.otf in Resources */,
				092317ED1E5CF0A70043838D /* GOTHMMIT.TTF in Resources */,
				092317EA1E5CF0A70043838D /* GOTHMLIG.TTF in Resources */,
				DDA59A6D1DD4E6F4000B942B /* Lato-BlackItalic.ttf in Resources */,
				DDA59A721DD4E6F4000B942B /* Lato-Italic.ttf in Resources */,
				DDA59A6F1DD4E6F4000B942B /* Lato-BoldItalic.ttf in Resources */,
				092317EB1E5CF0A70043838D /* GOTHMLIT.TTF in Resources */,
				DDA59A751DD50DF0000B942B /* Notes in Resources */,
				092317F71E5CF0A70043838D /* GOTHMTIT.TTF in Resources */,
				DDA59A731DD4E6F4000B942B /* Lato-LightItalic.ttf in Resources */,
				DDA59A701DD4E6F4000B942B /* Lato-Hairline.ttf in Resources */,
				DDA59A511DD3DACB000B942B /* Main.storyboard in Resources */,
				DDFB79E11EA28B8B0022000B /* square.json in Resources */,
				DDA59A6C1DD4E6F4000B942B /* Lato-Black.ttf in Resources */,
				092317F41E5CF0A70043838D /* GothamRnd-MedIta.otf in Resources */,
				DD7544C81E89F8A0002AEC38 /* BPI.gpx in Resources */,
			);
			runOnlyForDeploymentPostprocessing = 0;
		};
/* End PBXResourcesBuildPhase section */

/* Begin PBXShellScriptBuildPhase section */
		575E70C569346C48752EDEF0 /* [CP] Embed Pods Frameworks */ = {
			isa = PBXShellScriptBuildPhase;
			buildActionMask = 2147483647;
			files = (
			);
			inputPaths = (
			);
			name = "[CP] Embed Pods Frameworks";
			outputPaths = (
			);
			runOnlyForDeploymentPostprocessing = 0;
			shellPath = /bin/sh;
			shellScript = "\"${SRCROOT}/Pods/Target Support Files/Pods-Drift/Pods-Drift-frameworks.sh\"\n";
			showEnvVarsInLog = 0;
		};
		8398ED8DA72B419C8FF7CCCA /* [CP] Check Pods Manifest.lock */ = {
			isa = PBXShellScriptBuildPhase;
			buildActionMask = 2147483647;
			files = (
			);
			inputPaths = (
			);
			name = "[CP] Check Pods Manifest.lock";
			outputPaths = (
			);
			runOnlyForDeploymentPostprocessing = 0;
			shellPath = /bin/sh;
			shellScript = "diff \"${PODS_PODFILE_DIR_PATH}/Podfile.lock\" \"${PODS_ROOT}/Manifest.lock\" > /dev/null\nif [ $? != 0 ] ; then\n    # print error to STDERR\n    echo \"error: The sandbox is not in sync with the Podfile.lock. Run 'pod install' or update your CocoaPods installation.\" >&2\n    exit 1\nfi\n";
			showEnvVarsInLog = 0;
		};
		FA9FB805DA71B1CDA45B2D86 /* [CP] Copy Pods Resources */ = {
			isa = PBXShellScriptBuildPhase;
			buildActionMask = 2147483647;
			files = (
			);
			inputPaths = (
			);
			name = "[CP] Copy Pods Resources";
			outputPaths = (
			);
			runOnlyForDeploymentPostprocessing = 0;
			shellPath = /bin/sh;
			shellScript = "\"${SRCROOT}/Pods/Target Support Files/Pods-Drift/Pods-Drift-resources.sh\"\n";
			showEnvVarsInLog = 0;
		};
/* End PBXShellScriptBuildPhase section */

/* Begin PBXSourcesBuildPhase section */
		DDA59A3F1DD3DACB000B942B /* Sources */ = {
			isa = PBXSourcesBuildPhase;
			buildActionMask = 2147483647;
			files = (
				DD3D90441DF32F6900B8A6CF /* DFTObject.m in Sources */,
				DDA59A4E1DD3DACB000B942B /* DFTLoginViewController.m in Sources */,
				DD34C8691E620D60003853D6 /* DFTAddDropStepCell.m in Sources */,
				DD3D90411DF3268200B8A6CF /* DFTUser.m in Sources */,
				DD7EF32A1EF9BE240079A816 /* DFTDropFormViewController+DFTDropFormCamera.m in Sources */,
				DD4D6D7B1E369D5D00E3605A /* VLDContextSheet.m in Sources */,
				DDDD04561E638CF0003DE070 /* DFTDriftViewController.m in Sources */,
				DD4D6D7C1E369D5D00E3605A /* VLDContextSheetItem.m in Sources */,
				DDFB79D51E9EAFF90022000B /* DFTProfileMostLikedView.m in Sources */,
				DD4A076E1E3FCACD00E4CF95 /* DFTInnerFeedCell.m in Sources */,
				09A97CD81E64E11200381FB2 /* DFTCollectionFeedCell.m in Sources */,
				DD3B9A0D1E258BDA0098208F /* DFTFeedHeaderView.m in Sources */,
				DD3D90471DF8A7EA00B8A6CF /* DFTUserManager.m in Sources */,
				DDA59A7C1DD51D6A000B942B /* DFTRoundedButton.m in Sources */,
				BD4C62951EA569BD0089B7A3 /* DFTOpenedDropViewController.m in Sources */,
				DD844CF11EE1F38E0068B9CE /* DFTDropFormViewController.m in Sources */,
				09DAA03E1E67826C00E92A1F /* DFTFeedViewController.m in Sources */,
				DD3D903E1DF3259100B8A6CF /* DFTNetworkClient+DFTUser.m in Sources */,
				DD9C1B8A1F1A48F400567C20 /* DFTMiniOptionCell.m in Sources */,
				DDFB79DB1E9ED0B40022000B /* DFTProfileStatCellCollectionViewCell.m in Sources */,
				DDA3C6601E0C63BC00BF9BFE /* DFTNetworkClient+DFTDrop.m in Sources */,
				DD4D6D701E315A0700E3605A /* DFTJellyTrigger.m in Sources */,
				DDA3C65D1E0C61FA00BF9BFE /* DFTFeedManager.m in Sources */,
				DD4A07751E42790800E4CF95 /* DFTCollectionView.m in Sources */,
				DD45C9A91E2821AE00ED3E20 /* DFTCollectionFeedViewController.m in Sources */,
				DD4D6D691E3150D600E3605A /* DFTDropViewController.m in Sources */,
				BD5D2DA71EA81142007F782D /* MathUtils.m in Sources */,
				DD3B99B71E214FD40098208F /* UIFont+Drift.m in Sources */,
				DD4A07721E3FD39B00E4CF95 /* DFTScrollView.m in Sources */,
				DDD6A0C11DE9F4D400FF9741 /* DFTFeedCell.m in Sources */,
				DD45C9A61E28219C00ED3E20 /* DFTInnerFeedViewController.m in Sources */,
				DDA59A4B1DD3DACB000B942B /* DFTAppDelegate.m in Sources */,
				DD4AB0121F112C3E00A9098A /* DFTUserGroupCell.m in Sources */,
				DDD6A0B91DE99A7200FF9741 /* DFTGlobalFeedViewController.m in Sources */,
				BDECA5A01EA52438008C5335 /* DFTOptionTableViewCell.m in Sources */,
				DD3B99AC1E15AB4F0098208F /* DFTMapboxDelegate.m in Sources */,
				DD7544CC1E958415002AEC38 /* DFTProfileViewController.m in Sources */,
				DD36B8131F0C3758007FE477 /* DFTDropManager.m in Sources */,
				09DAA0471E68D3FD00E92A1F /* DFTSegmentedControl.m in Sources */,
				DD844CF51EE1FBB30068B9CE /* DFTDropFormFirstStepView.m in Sources */,
				DD34C86C1E624495003853D6 /* DFTAddDropContentCell.m in Sources */,
				DD34C8611E61EB57003853D6 /* DFTAddDropContentTableView.m in Sources */,
				DD34C85D1E61E955003853D6 /* DFTFormRowTableViewDelegate.m in Sources */,
				DDB50F4A1DDE542E00542EAA /* NSURL+DFTUtils.m in Sources */,
				DDB50F531DDE60F300542EAA /* DFTManagerConstants.m in Sources */,
				DDE840D91E6CAC1600B18B0C /* DFTDropFormManager.m in Sources */,
				DD34C8641E61EC1B003853D6 /* DFTAddDropSettingsTableView.m in Sources */,
				DD2CE5661E57960A00204E64 /* DFTAddDropViewController.m in Sources */,
				DD4D6D6D1E3159FA00E3605A /* DFTJellyButton.m in Sources */,
				DD4D6D7D1E369D5D00E3605A /* VLDContextSheetItemView.m in Sources */,
				DD2CE56A1E5CE15100204E64 /* DFTFirstSectionLayout.m in Sources */,
				DDA59A811DD5202E000B942B /* UIColor+DFTStyles.m in Sources */,
				DDB50F4D1DDE569700542EAA /* PcURLRequestFormatter.m in Sources */,
				DDD6A0BC1DE9AF5F00FF9741 /* DFTFeedCollectionViewLayout.m in Sources */,
				DD90899E1E661DC000737B33 /* DFTMapManager.m in Sources */,
				DD54E3BC1EA53BA9007EE21A /* DFTDropSignalViewController.m in Sources */,
				EBEEEB221E9BD39900F0147A /* ImageUtils.m in Sources */,
				DDB50F501DDE5F4D00542EAA /* DFTSessionManager.m in Sources */,
				DDD6A0B41DE7972F00FF9741 /* DFTDrop.m in Sources */,
				DDB50F471DDE4E5A00542EAA /* DFTNetworkClient.m in Sources */,
				DD45C9A31E2594B700ED3E20 /* DFTFeedContainerViewController.m in Sources */,
				DD4D6D731E315C4400E3605A /* DFTTabBarController.m in Sources */,
				DDFB79DE1EA281460022000B /* DFTRadialGradientLayer.m in Sources */,
				DDA59A481DD3DACB000B942B /* main.m in Sources */,
			);
			runOnlyForDeploymentPostprocessing = 0;
		};
/* End PBXSourcesBuildPhase section */

/* Begin PBXVariantGroup section */
		DDA59A4F1DD3DACB000B942B /* Main.storyboard */ = {
			isa = PBXVariantGroup;
			children = (
				DDA59A501DD3DACB000B942B /* Base */,
			);
			name = Main.storyboard;
			sourceTree = "<group>";
		};
		DDA59A541DD3DACB000B942B /* LaunchScreen.storyboard */ = {
			isa = PBXVariantGroup;
			children = (
				DDA59A551DD3DACB000B942B /* Base */,
			);
			name = LaunchScreen.storyboard;
			sourceTree = "<group>";
		};
		EBC274261E9BA5ED006D20F4 /* Localizable.strings */ = {
			isa = PBXVariantGroup;
			children = (
				EBC274251E9BA5ED006D20F4 /* en */,
				EBC274271E9BA5F6006D20F4 /* fr */,
			);
			name = Localizable.strings;
			sourceTree = "<group>";
		};
/* End PBXVariantGroup section */

/* Begin XCBuildConfiguration section */
		DDA59A581DD3DACB000B942B /* Debug */ = {
			isa = XCBuildConfiguration;
			buildSettings = {
				ALWAYS_SEARCH_USER_PATHS = NO;
				CLANG_ANALYZER_LOCALIZABILITY_NONLOCALIZED = YES;
				CLANG_CXX_LANGUAGE_STANDARD = "gnu++0x";
				CLANG_CXX_LIBRARY = "libc++";
				CLANG_ENABLE_MODULES = YES;
				CLANG_ENABLE_OBJC_ARC = YES;
				CLANG_WARN_BOOL_CONVERSION = YES;
				CLANG_WARN_CONSTANT_CONVERSION = YES;
				CLANG_WARN_DIRECT_OBJC_ISA_USAGE = YES_ERROR;
				CLANG_WARN_EMPTY_BODY = YES;
				CLANG_WARN_ENUM_CONVERSION = YES;
				CLANG_WARN_INFINITE_RECURSION = YES;
				CLANG_WARN_INT_CONVERSION = YES;
				CLANG_WARN_OBJC_ROOT_CLASS = YES_ERROR;
				CLANG_WARN_SUSPICIOUS_MOVE = YES;
				CLANG_WARN_UNREACHABLE_CODE = YES;
				CLANG_WARN__DUPLICATE_METHOD_MATCH = YES;
				CODE_SIGN_IDENTITY = "iPhone Developer";
				"CODE_SIGN_IDENTITY[sdk=iphoneos*]" = "iPhone Developer: Jonathan Nguyen (3L7E8C39Y7)";
				COPY_PHASE_STRIP = NO;
				DEBUG_INFORMATION_FORMAT = dwarf;
				ENABLE_STRICT_OBJC_MSGSEND = YES;
				ENABLE_TESTABILITY = YES;
				GCC_C_LANGUAGE_STANDARD = gnu99;
				GCC_DYNAMIC_NO_PIC = NO;
				GCC_NO_COMMON_BLOCKS = YES;
				GCC_OPTIMIZATION_LEVEL = 0;
				GCC_PREPROCESSOR_DEFINITIONS = (
					"DEBUG=1",
					"$(inherited)",
				);
				GCC_WARN_64_TO_32_BIT_CONVERSION = YES;
				GCC_WARN_ABOUT_RETURN_TYPE = YES_ERROR;
				GCC_WARN_UNDECLARED_SELECTOR = YES;
				GCC_WARN_UNINITIALIZED_AUTOS = YES_AGGRESSIVE;
				GCC_WARN_UNUSED_FUNCTION = YES;
				GCC_WARN_UNUSED_VARIABLE = YES;
				IPHONEOS_DEPLOYMENT_TARGET = 9.2;
				MTL_ENABLE_DEBUG_INFO = YES;
				ONLY_ACTIVE_ARCH = YES;
				SDKROOT = iphoneos;
				TARGETED_DEVICE_FAMILY = "1,2";
			};
			name = Debug;
		};
		DDA59A591DD3DACB000B942B /* Release */ = {
			isa = XCBuildConfiguration;
			buildSettings = {
				ALWAYS_SEARCH_USER_PATHS = NO;
				CLANG_ANALYZER_LOCALIZABILITY_NONLOCALIZED = YES;
				CLANG_CXX_LANGUAGE_STANDARD = "gnu++0x";
				CLANG_CXX_LIBRARY = "libc++";
				CLANG_ENABLE_MODULES = YES;
				CLANG_ENABLE_OBJC_ARC = YES;
				CLANG_WARN_BOOL_CONVERSION = YES;
				CLANG_WARN_CONSTANT_CONVERSION = YES;
				CLANG_WARN_DIRECT_OBJC_ISA_USAGE = YES_ERROR;
				CLANG_WARN_EMPTY_BODY = YES;
				CLANG_WARN_ENUM_CONVERSION = YES;
				CLANG_WARN_INFINITE_RECURSION = YES;
				CLANG_WARN_INT_CONVERSION = YES;
				CLANG_WARN_OBJC_ROOT_CLASS = YES_ERROR;
				CLANG_WARN_SUSPICIOUS_MOVE = YES;
				CLANG_WARN_UNREACHABLE_CODE = YES;
				CLANG_WARN__DUPLICATE_METHOD_MATCH = YES;
				CODE_SIGN_IDENTITY = "iPhone Developer";
				"CODE_SIGN_IDENTITY[sdk=iphoneos*]" = "iPhone Developer: Jonathan Nguyen (3L7E8C39Y7)";
				COPY_PHASE_STRIP = NO;
				DEBUG_INFORMATION_FORMAT = "dwarf-with-dsym";
				ENABLE_NS_ASSERTIONS = NO;
				ENABLE_STRICT_OBJC_MSGSEND = YES;
				GCC_C_LANGUAGE_STANDARD = gnu99;
				GCC_NO_COMMON_BLOCKS = YES;
				GCC_WARN_64_TO_32_BIT_CONVERSION = YES;
				GCC_WARN_ABOUT_RETURN_TYPE = YES_ERROR;
				GCC_WARN_UNDECLARED_SELECTOR = YES;
				GCC_WARN_UNINITIALIZED_AUTOS = YES_AGGRESSIVE;
				GCC_WARN_UNUSED_FUNCTION = YES;
				GCC_WARN_UNUSED_VARIABLE = YES;
				IPHONEOS_DEPLOYMENT_TARGET = 9.2;
				MTL_ENABLE_DEBUG_INFO = NO;
				SDKROOT = iphoneos;
				TARGETED_DEVICE_FAMILY = "1,2";
				VALIDATE_PRODUCT = YES;
			};
			name = Release;
		};
		DDA59A5B1DD3DACB000B942B /* Debug */ = {
			isa = XCBuildConfiguration;
			baseConfigurationReference = D8B6FEE01483E9DFBF0A2D45 /* Pods-Drift.debug.xcconfig */;
			buildSettings = {
				ASSETCATALOG_COMPILER_APPICON_NAME = AppIcon;
				"CODE_SIGN_IDENTITY[sdk=iphoneos*]" = "iPhone Developer";
				DEVELOPMENT_TEAM = RA9388UXZ8;
				GCC_PRECOMPILE_PREFIX_HEADER = YES;
				GCC_PREFIX_HEADER = "Drift/DFT-Prefix.pch";
				INFOPLIST_FILE = Drift/Info.plist;
				IPHONEOS_DEPLOYMENT_TARGET = 9.0;
				LD_RUNPATH_SEARCH_PATHS = "$(inherited) @executable_path/Frameworks";
				PRODUCT_BUNDLE_IDENTIFIER = com.thierryng.Drift;
				PRODUCT_NAME = "$(TARGET_NAME)";
			};
			name = Debug;
		};
		DDA59A5C1DD3DACB000B942B /* Release */ = {
			isa = XCBuildConfiguration;
			baseConfigurationReference = A463E86E3572A14BB7C00F0B /* Pods-Drift.release.xcconfig */;
			buildSettings = {
				ASSETCATALOG_COMPILER_APPICON_NAME = AppIcon;
				"CODE_SIGN_IDENTITY[sdk=iphoneos*]" = "iPhone Developer";
				DEVELOPMENT_TEAM = RA9388UXZ8;
				GCC_PRECOMPILE_PREFIX_HEADER = YES;
				GCC_PREFIX_HEADER = "Drift/DFT-Prefix.pch";
				INFOPLIST_FILE = Drift/Info.plist;
				IPHONEOS_DEPLOYMENT_TARGET = 9.0;
				LD_RUNPATH_SEARCH_PATHS = "$(inherited) @executable_path/Frameworks";
				PRODUCT_BUNDLE_IDENTIFIER = com.thierryng.Drift;
				PRODUCT_NAME = "$(TARGET_NAME)";
			};
			name = Release;
		};
/* End XCBuildConfiguration section */

/* Begin XCConfigurationList section */
		DDA59A3E1DD3DACB000B942B /* Build configuration list for PBXProject "Drift" */ = {
			isa = XCConfigurationList;
			buildConfigurations = (
				DDA59A581DD3DACB000B942B /* Debug */,
				DDA59A591DD3DACB000B942B /* Release */,
			);
			defaultConfigurationIsVisible = 0;
			defaultConfigurationName = Release;
		};
		DDA59A5A1DD3DACB000B942B /* Build configuration list for PBXNativeTarget "Drift" */ = {
			isa = XCConfigurationList;
			buildConfigurations = (
				DDA59A5B1DD3DACB000B942B /* Debug */,
				DDA59A5C1DD3DACB000B942B /* Release */,
			);
			defaultConfigurationIsVisible = 0;
			defaultConfigurationName = Release;
		};
/* End XCConfigurationList section */
	};
	rootObject = DDA59A3B1DD3DACB000B942B /* Project object */;
}
